// !$*UTF8*$!
{
	archiveVersion = 1;
	classes = {
	};
	objectVersion = 46;
	objects = {

/* Begin PBXBuildFile section */
		06092BE31ACADD0100FF320C /* GalleryViewController.swift in Sources */ = {isa = PBXBuildFile; fileRef = 06092BE11ACADD0100FF320C /* GalleryViewController.swift */; };
		06092BE41ACADD0100FF320C /* GalleryViewController.xib in Resources */ = {isa = PBXBuildFile; fileRef = 06092BE21ACADD0100FF320C /* GalleryViewController.xib */; };
		06092BE61ACAFD1300FF320C /* GalleryPage.swift in Sources */ = {isa = PBXBuildFile; fileRef = 06092BE51ACAFD1300FF320C /* GalleryPage.swift */; };
		090813511AC96540006C19FA /* pl3.jpg in Resources */ = {isa = PBXBuildFile; fileRef = 0908134F1AC96540006C19FA /* pl3.jpg */; };
		090813521AC96540006C19FA /* pl4.jpg in Resources */ = {isa = PBXBuildFile; fileRef = 090813501AC96540006C19FA /* pl4.jpg */; };
		090813551AC96C07006C19FA /* StoryViewController.swift in Sources */ = {isa = PBXBuildFile; fileRef = 090813541AC96C07006C19FA /* StoryViewController.swift */; };
		090C4B2F1B1EB0A80038BB2A /* AlbumHelper.swift in Sources */ = {isa = PBXBuildFile; fileRef = 090C4B2E1B1EB0A80038BB2A /* AlbumHelper.swift */; };
		090C4B301B1EB0A80038BB2A /* AlbumHelper.swift in Sources */ = {isa = PBXBuildFile; fileRef = 090C4B2E1B1EB0A80038BB2A /* AlbumHelper.swift */; };
		090C4B331B1ECA220038BB2A /* HomeViewModel.swift in Sources */ = {isa = PBXBuildFile; fileRef = 090C4B321B1ECA220038BB2A /* HomeViewModel.swift */; };
		090C4B341B1ECA220038BB2A /* HomeViewModel.swift in Sources */ = {isa = PBXBuildFile; fileRef = 090C4B321B1ECA220038BB2A /* HomeViewModel.swift */; };
		090C4B381B1ECE0D0038BB2A /* ASHCoreDataStack.m in Sources */ = {isa = PBXBuildFile; fileRef = 090C4B371B1ECE0D0038BB2A /* ASHCoreDataStack.m */; };
		090C4B391B1ECE0D0038BB2A /* ASHCoreDataStack.m in Sources */ = {isa = PBXBuildFile; fileRef = 090C4B371B1ECE0D0038BB2A /* ASHCoreDataStack.m */; };
		091A2F541ACA8E930014D07C /* PRSlideView.swift in Sources */ = {isa = PBXBuildFile; fileRef = 091A2F521ACA8E930014D07C /* PRSlideView.swift */; };
		091A2F551ACA8E930014D07C /* PRSlideViewPage.swift in Sources */ = {isa = PBXBuildFile; fileRef = 091A2F531ACA8E930014D07C /* PRSlideViewPage.swift */; };
		091A2F581ACA9F610014D07C /* TQViewTransition.swift in Sources */ = {isa = PBXBuildFile; fileRef = 091A2F571ACA9F610014D07C /* TQViewTransition.swift */; };
		091A2F671ACAC31A0014D07C /* RAMBounceAnimation.swift in Sources */ = {isa = PBXBuildFile; fileRef = 091A2F5C1ACAC31A0014D07C /* RAMBounceAnimation.swift */; };
		091A2F681ACAC31A0014D07C /* RAMFrameItemAnimation.swift in Sources */ = {isa = PBXBuildFile; fileRef = 091A2F5E1ACAC31A0014D07C /* RAMFrameItemAnimation.swift */; };
		091A2F691ACAC31A0014D07C /* RAMFumeAnimation.swift in Sources */ = {isa = PBXBuildFile; fileRef = 091A2F601ACAC31A0014D07C /* RAMFumeAnimation.swift */; };
		091A2F6A1ACAC31A0014D07C /* RAMRotationAnimation.swift in Sources */ = {isa = PBXBuildFile; fileRef = 091A2F621ACAC31A0014D07C /* RAMRotationAnimation.swift */; };
		091A2F6B1ACAC31A0014D07C /* RAMTransitionItemAnimation.swift in Sources */ = {isa = PBXBuildFile; fileRef = 091A2F641ACAC31A0014D07C /* RAMTransitionItemAnimation.swift */; };
		091A2F6C1ACAC31A0014D07C /* RAMAnimatedTabBarController.swift in Sources */ = {isa = PBXBuildFile; fileRef = 091A2F651ACAC31A0014D07C /* RAMAnimatedTabBarController.swift */; };
		091A2F6D1ACAC31A0014D07C /* RAMItemAnimationProtocol.swift in Sources */ = {isa = PBXBuildFile; fileRef = 091A2F661ACAC31A0014D07C /* RAMItemAnimationProtocol.swift */; };
		092582F91AC94A940026AECA /* Storyboard.xcdatamodeld in Sources */ = {isa = PBXBuildFile; fileRef = 092582F71AC94A940026AECA /* Storyboard.xcdatamodeld */; };
		092582FE1AC94A940026AECA /* Main.storyboard in Resources */ = {isa = PBXBuildFile; fileRef = 092582FC1AC94A940026AECA /* Main.storyboard */; };
		092583001AC94A940026AECA /* Images.xcassets in Resources */ = {isa = PBXBuildFile; fileRef = 092582FF1AC94A940026AECA /* Images.xcassets */; };
		092583031AC94A940026AECA /* LaunchScreen.xib in Resources */ = {isa = PBXBuildFile; fileRef = 092583011AC94A940026AECA /* LaunchScreen.xib */; };
		0925830F1AC94A940026AECA /* StoryboardTests.swift in Sources */ = {isa = PBXBuildFile; fileRef = 0925830E1AC94A940026AECA /* StoryboardTests.swift */; };
		0925831F1AC94D170026AECA /* AppDelegate.swift in Sources */ = {isa = PBXBuildFile; fileRef = 0925831D1AC94D170026AECA /* AppDelegate.swift */; };
		092583221AC94D260026AECA /* ViewController.swift in Sources */ = {isa = PBXBuildFile; fileRef = 092583211AC94D260026AECA /* ViewController.swift */; };
		0925832A1AC9522B0026AECA /* pl1.jpg in Resources */ = {isa = PBXBuildFile; fileRef = 092583251AC9522B0026AECA /* pl1.jpg */; };
		0925832B1AC9522B0026AECA /* pl2.jpg in Resources */ = {isa = PBXBuildFile; fileRef = 092583261AC9522B0026AECA /* pl2.jpg */; };
		0925832E1AC9522B0026AECA /* pl5.jpg in Resources */ = {isa = PBXBuildFile; fileRef = 092583291AC9522B0026AECA /* pl5.jpg */; };
		092583311AC952C60026AECA /* HomeViewController.swift in Sources */ = {isa = PBXBuildFile; fileRef = 092583301AC952C60026AECA /* HomeViewController.swift */; };
		09552B8A1B1C389D006B685D /* RAMBounceAnimation.swift in Sources */ = {isa = PBXBuildFile; fileRef = 091A2F5C1ACAC31A0014D07C /* RAMBounceAnimation.swift */; };
		09552B8B1B1C389D006B685D /* SmallVideoCaptureViewController.swift in Sources */ = {isa = PBXBuildFile; fileRef = 09F88C751AD611A50096DAA2 /* SmallVideoCaptureViewController.swift */; };
		09552B8C1B1C389D006B685D /* RosyWriterCapturePipeline.m in Sources */ = {isa = PBXBuildFile; fileRef = 096EB4371AD7BF42009E765C /* RosyWriterCapturePipeline.m */; settings = {COMPILER_FLAGS = "-fno-objc-arc"; }; };
		09552B8D1B1C389D006B685D /* PRSlideView.swift in Sources */ = {isa = PBXBuildFile; fileRef = 091A2F521ACA8E930014D07C /* PRSlideView.swift */; };
		09552B8E1B1C389D006B685D /* VideoViewController.swift in Sources */ = {isa = PBXBuildFile; fileRef = 097C46951AD4BE4C00AB77B2 /* VideoViewController.swift */; };
		09552B8F1B1C389D006B685D /* StoryViewController.swift in Sources */ = {isa = PBXBuildFile; fileRef = 090813541AC96C07006C19FA /* StoryViewController.swift */; };
		09552B901B1C389D006B685D /* NSArray+PureLayout.m in Sources */ = {isa = PBXBuildFile; fileRef = 097C46A41AD4D7E500AB77B2 /* NSArray+PureLayout.m */; };
		09552B911B1C389D006B685D /* ViewController.swift in Sources */ = {isa = PBXBuildFile; fileRef = 092583211AC94D260026AECA /* ViewController.swift */; };
		09552B921B1C389D006B685D /* AppDelegate.swift in Sources */ = {isa = PBXBuildFile; fileRef = 0925831D1AC94D170026AECA /* AppDelegate.swift */; };
		09552B931B1C389D006B685D /* GalleryViewController.swift in Sources */ = {isa = PBXBuildFile; fileRef = 06092BE11ACADD0100FF320C /* GalleryViewController.swift */; };
		09552B941B1C389D006B685D /* GalleryPage.swift in Sources */ = {isa = PBXBuildFile; fileRef = 06092BE51ACAFD1300FF320C /* GalleryPage.swift */; };
		09552B951B1C389D006B685D /* TinyVideoCaptureViewController.swift in Sources */ = {isa = PBXBuildFile; fileRef = 096EB4521AD7C167009E765C /* TinyVideoCaptureViewController.swift */; };
		09552B961B1C389D006B685D /* RAMAnimatedTabBarController.swift in Sources */ = {isa = PBXBuildFile; fileRef = 091A2F651ACAC31A0014D07C /* RAMAnimatedTabBarController.swift */; };
		09552B971B1C389D006B685D /* matrix.c in Sources */ = {isa = PBXBuildFile; fileRef = 096EB43D1AD7BF42009E765C /* matrix.c */; };
		09552B981B1C389D006B685D /* RAMRotationAnimation.swift in Sources */ = {isa = PBXBuildFile; fileRef = 091A2F621ACAC31A0014D07C /* RAMRotationAnimation.swift */; };
		09552B991B1C389D006B685D /* OpenGLPixelBufferView.m in Sources */ = {isa = PBXBuildFile; fileRef = 096EB4441AD7BF42009E765C /* OpenGLPixelBufferView.m */; settings = {COMPILER_FLAGS = "-fno-objc-arc"; }; };
		09552B9A1B1C389D006B685D /* TQViewTransition.swift in Sources */ = {isa = PBXBuildFile; fileRef = 091A2F571ACA9F610014D07C /* TQViewTransition.swift */; };
		09552B9B1B1C389D006B685D /* RAMTransitionItemAnimation.swift in Sources */ = {isa = PBXBuildFile; fileRef = 091A2F641ACAC31A0014D07C /* RAMTransitionItemAnimation.swift */; };
		09552B9C1B1C389D006B685D /* Storyboard.xcdatamodeld in Sources */ = {isa = PBXBuildFile; fileRef = 092582F71AC94A940026AECA /* Storyboard.xcdatamodeld */; };
		09552B9D1B1C389D006B685D /* NSLayoutConstraint+PureLayout.m in Sources */ = {isa = PBXBuildFile; fileRef = 097C46A61AD4D7E500AB77B2 /* NSLayoutConstraint+PureLayout.m */; };
		09552B9E1B1C389D006B685D /* HomeViewController.swift in Sources */ = {isa = PBXBuildFile; fileRef = 092583301AC952C60026AECA /* HomeViewController.swift */; };
		09552B9F1B1C389D006B685D /* TQTwoSideProgressBar.swift in Sources */ = {isa = PBXBuildFile; fileRef = 09F88C7B1AD61A510096DAA2 /* TQTwoSideProgressBar.swift */; };
		09552BA01B1C389D006B685D /* MovieRecorder.m in Sources */ = {isa = PBXBuildFile; fileRef = 096EB4421AD7BF42009E765C /* MovieRecorder.m */; settings = {COMPILER_FLAGS = "-fno-objc-arc"; }; };
		09552BA11B1C389D006B685D /* RAMFrameItemAnimation.swift in Sources */ = {isa = PBXBuildFile; fileRef = 091A2F5E1ACAC31A0014D07C /* RAMFrameItemAnimation.swift */; };
		09552BA21B1C389D006B685D /* RAMFumeAnimation.swift in Sources */ = {isa = PBXBuildFile; fileRef = 091A2F601ACAC31A0014D07C /* RAMFumeAnimation.swift */; };
		09552BA31B1C389D006B685D /* ALView+PureLayout.m in Sources */ = {isa = PBXBuildFile; fileRef = 097C46A21AD4D7E500AB77B2 /* ALView+PureLayout.m */; };
		09552BA41B1C389D006B685D /* PRSlideViewPage.swift in Sources */ = {isa = PBXBuildFile; fileRef = 091A2F531ACA8E930014D07C /* PRSlideViewPage.swift */; };
		09552BA51B1C389D006B685D /* RosyWriterOpenGLRenderer.m in Sources */ = {isa = PBXBuildFile; fileRef = 096EB4391AD7BF42009E765C /* RosyWriterOpenGLRenderer.m */; settings = {COMPILER_FLAGS = "-fno-objc-arc"; }; };
		09552BA61B1C389D006B685D /* RAMItemAnimationProtocol.swift in Sources */ = {isa = PBXBuildFile; fileRef = 091A2F661ACAC31A0014D07C /* RAMItemAnimationProtocol.swift */; };
		09552BA71B1C389D006B685D /* ShaderUtilities.c in Sources */ = {isa = PBXBuildFile; fileRef = 096EB43F1AD7BF42009E765C /* ShaderUtilities.c */; };
		09552BAA1B1C389D006B685D /* pl4.jpg in Resources */ = {isa = PBXBuildFile; fileRef = 090813501AC96540006C19FA /* pl4.jpg */; };
		09552BAB1B1C389D006B685D /* pl_wuhan.jpg in Resources */ = {isa = PBXBuildFile; fileRef = 09C115641ACA5D6B002E40FF /* pl_wuhan.jpg */; };
		09552BAC1B1C389D006B685D /* Main.storyboard in Resources */ = {isa = PBXBuildFile; fileRef = 092582FC1AC94A940026AECA /* Main.storyboard */; };
		09552BAD1B1C389D006B685D /* 10411608041575417ed67610.jpg in Resources */ = {isa = PBXBuildFile; fileRef = 097C46981AD4CF9A00AB77B2 /* 10411608041575417ed67610.jpg */; };
		09552BAE1B1C389D006B685D /* LaunchScreen.xib in Resources */ = {isa = PBXBuildFile; fileRef = 092583011AC94A940026AECA /* LaunchScreen.xib */; };
		09552BAF1B1C389D006B685D /* pl2.jpg in Resources */ = {isa = PBXBuildFile; fileRef = 092583261AC9522B0026AECA /* pl2.jpg */; };
		09552BB01B1C389D006B685D /* GalleryViewController.xib in Resources */ = {isa = PBXBuildFile; fileRef = 06092BE21ACADD0100FF320C /* GalleryViewController.xib */; };
		09552BB11B1C389D006B685D /* myFilter.fsh in Resources */ = {isa = PBXBuildFile; fileRef = 096EB44C1AD7BFD0009E765C /* myFilter.fsh */; };
		09552BB21B1C389D006B685D /* 10465908041575417ed94771.jpg in Resources */ = {isa = PBXBuildFile; fileRef = 097C469A1AD4CF9A00AB77B2 /* 10465908041575417ed94771.jpg */; };
		09552BB31B1C389D006B685D /* pl3.jpg in Resources */ = {isa = PBXBuildFile; fileRef = 0908134F1AC96540006C19FA /* pl3.jpg */; };
		09552BB41B1C389D006B685D /* SmallVideoCaptureViewController.xib in Resources */ = {isa = PBXBuildFile; fileRef = 09F88C761AD611A50096DAA2 /* SmallVideoCaptureViewController.xib */; };
		09552BB51B1C389D006B685D /* Images.xcassets in Resources */ = {isa = PBXBuildFile; fileRef = 092582FF1AC94A940026AECA /* Images.xcassets */; };
		09552BB61B1C389D006B685D /* pl1.jpg in Resources */ = {isa = PBXBuildFile; fileRef = 092583251AC9522B0026AECA /* pl1.jpg */; };
		09552BB71B1C389D006B685D /* 10465908041575417ed94771.mp4 in Resources */ = {isa = PBXBuildFile; fileRef = 097C469B1AD4CF9A00AB77B2 /* 10465908041575417ed94771.mp4 */; };
		09552BB81B1C389D006B685D /* pl5.jpg in Resources */ = {isa = PBXBuildFile; fileRef = 092583291AC9522B0026AECA /* pl5.jpg */; };
		09552BB91B1C389D006B685D /* myFilter.vsh in Resources */ = {isa = PBXBuildFile; fileRef = 096EB44D1AD7BFD0009E765C /* myFilter.vsh */; };
		09552BBA1B1C389D006B685D /* 10411608041575417ed67610.mp4 in Resources */ = {isa = PBXBuildFile; fileRef = 097C46991AD4CF9A00AB77B2 /* 10411608041575417ed67610.mp4 */; };
		09552BC51B1C3A0E006B685D /* libReveal.dylib in Resources */ = {isa = PBXBuildFile; fileRef = 09552BC31B1C39F5006B685D /* libReveal.dylib */; };
		09552BCB1B1C47C1006B685D /* AddNewAlbumViewController.swift in Sources */ = {isa = PBXBuildFile; fileRef = 09552BCA1B1C47C1006B685D /* AddNewAlbumViewController.swift */; };
		09552BCC1B1C47C1006B685D /* AddNewAlbumViewController.swift in Sources */ = {isa = PBXBuildFile; fileRef = 09552BCA1B1C47C1006B685D /* AddNewAlbumViewController.swift */; };
		09552BD91B1C515D006B685D /* ReactiveCocoaBindings.swift in Sources */ = {isa = PBXBuildFile; fileRef = 09552BD81B1C515D006B685D /* ReactiveCocoaBindings.swift */; };
		09552BDA1B1C515D006B685D /* ReactiveCocoaBindings.swift in Sources */ = {isa = PBXBuildFile; fileRef = 09552BD81B1C515D006B685D /* ReactiveCocoaBindings.swift */; };
		09552BDD1B1C5EB1006B685D /* AddNewAlbumViewModel.swift in Sources */ = {isa = PBXBuildFile; fileRef = 09552BDC1B1C5EB1006B685D /* AddNewAlbumViewModel.swift */; };
		09552BDE1B1C5EB1006B685D /* AddNewAlbumViewModel.swift in Sources */ = {isa = PBXBuildFile; fileRef = 09552BDC1B1C5EB1006B685D /* AddNewAlbumViewModel.swift */; };
		096EB4451AD7BF42009E765C /* RosyWriterCapturePipeline.m in Sources */ = {isa = PBXBuildFile; fileRef = 096EB4371AD7BF42009E765C /* RosyWriterCapturePipeline.m */; settings = {COMPILER_FLAGS = "-fno-objc-arc"; }; };
		096EB4461AD7BF42009E765C /* RosyWriterOpenGLRenderer.m in Sources */ = {isa = PBXBuildFile; fileRef = 096EB4391AD7BF42009E765C /* RosyWriterOpenGLRenderer.m */; settings = {COMPILER_FLAGS = "-fno-objc-arc"; }; };
		096EB4471AD7BF42009E765C /* matrix.c in Sources */ = {isa = PBXBuildFile; fileRef = 096EB43D1AD7BF42009E765C /* matrix.c */; };
		096EB4481AD7BF42009E765C /* ShaderUtilities.c in Sources */ = {isa = PBXBuildFile; fileRef = 096EB43F1AD7BF42009E765C /* ShaderUtilities.c */; };
		096EB4491AD7BF42009E765C /* MovieRecorder.m in Sources */ = {isa = PBXBuildFile; fileRef = 096EB4421AD7BF42009E765C /* MovieRecorder.m */; settings = {COMPILER_FLAGS = "-fno-objc-arc"; }; };
		096EB44A1AD7BF42009E765C /* OpenGLPixelBufferView.m in Sources */ = {isa = PBXBuildFile; fileRef = 096EB4441AD7BF42009E765C /* OpenGLPixelBufferView.m */; settings = {COMPILER_FLAGS = "-fno-objc-arc"; }; };
		096EB44E1AD7BFD0009E765C /* myFilter.fsh in Resources */ = {isa = PBXBuildFile; fileRef = 096EB44C1AD7BFD0009E765C /* myFilter.fsh */; };
		096EB44F1AD7BFD0009E765C /* myFilter.vsh in Resources */ = {isa = PBXBuildFile; fileRef = 096EB44D1AD7BFD0009E765C /* myFilter.vsh */; };
		096EB4531AD7C167009E765C /* TinyVideoCaptureViewController.swift in Sources */ = {isa = PBXBuildFile; fileRef = 096EB4521AD7C167009E765C /* TinyVideoCaptureViewController.swift */; };
		097C46961AD4BE4C00AB77B2 /* VideoViewController.swift in Sources */ = {isa = PBXBuildFile; fileRef = 097C46951AD4BE4C00AB77B2 /* VideoViewController.swift */; };
		097C469C1AD4CF9A00AB77B2 /* 10411608041575417ed67610.jpg in Resources */ = {isa = PBXBuildFile; fileRef = 097C46981AD4CF9A00AB77B2 /* 10411608041575417ed67610.jpg */; };
		097C469D1AD4CF9A00AB77B2 /* 10411608041575417ed67610.mp4 in Resources */ = {isa = PBXBuildFile; fileRef = 097C46991AD4CF9A00AB77B2 /* 10411608041575417ed67610.mp4 */; };
		097C469E1AD4CF9A00AB77B2 /* 10465908041575417ed94771.jpg in Resources */ = {isa = PBXBuildFile; fileRef = 097C469A1AD4CF9A00AB77B2 /* 10465908041575417ed94771.jpg */; };
		097C469F1AD4CF9A00AB77B2 /* 10465908041575417ed94771.mp4 in Resources */ = {isa = PBXBuildFile; fileRef = 097C469B1AD4CF9A00AB77B2 /* 10465908041575417ed94771.mp4 */; };
		097C46AA1AD4D7E500AB77B2 /* ALView+PureLayout.m in Sources */ = {isa = PBXBuildFile; fileRef = 097C46A21AD4D7E500AB77B2 /* ALView+PureLayout.m */; };
		097C46AB1AD4D7E500AB77B2 /* NSArray+PureLayout.m in Sources */ = {isa = PBXBuildFile; fileRef = 097C46A41AD4D7E500AB77B2 /* NSArray+PureLayout.m */; };
		097C46AC1AD4D7E500AB77B2 /* NSLayoutConstraint+PureLayout.m in Sources */ = {isa = PBXBuildFile; fileRef = 097C46A61AD4D7E500AB77B2 /* NSLayoutConstraint+PureLayout.m */; };
		09C115651ACA5D6B002E40FF /* pl_wuhan.jpg in Resources */ = {isa = PBXBuildFile; fileRef = 09C115641ACA5D6B002E40FF /* pl_wuhan.jpg */; };
		09D063261B1DAE76007146F6 /* Album.swift in Sources */ = {isa = PBXBuildFile; fileRef = 09D063241B1DAE76007146F6 /* Album.swift */; };
		09D063271B1DAE76007146F6 /* Album.swift in Sources */ = {isa = PBXBuildFile; fileRef = 09D063241B1DAE76007146F6 /* Album.swift */; };
		09D063281B1DAE76007146F6 /* Medium.swift in Sources */ = {isa = PBXBuildFile; fileRef = 09D063251B1DAE76007146F6 /* Medium.swift */; };
		09D063291B1DAE76007146F6 /* Medium.swift in Sources */ = {isa = PBXBuildFile; fileRef = 09D063251B1DAE76007146F6 /* Medium.swift */; };
		09F88C771AD611A50096DAA2 /* SmallVideoCaptureViewController.swift in Sources */ = {isa = PBXBuildFile; fileRef = 09F88C751AD611A50096DAA2 /* SmallVideoCaptureViewController.swift */; };
		09F88C781AD611A50096DAA2 /* SmallVideoCaptureViewController.xib in Resources */ = {isa = PBXBuildFile; fileRef = 09F88C761AD611A50096DAA2 /* SmallVideoCaptureViewController.xib */; };
		09F88C7C1AD61A510096DAA2 /* TQTwoSideProgressBar.swift in Sources */ = {isa = PBXBuildFile; fileRef = 09F88C7B1AD61A510096DAA2 /* TQTwoSideProgressBar.swift */; };
		B02FA98B65B7488278704742 /* libPods-Storyboard.a in Frameworks */ = {isa = PBXBuildFile; fileRef = A2F5FFA0E3EF9FED2E008684 /* libPods-Storyboard.a */; };
		B2E0688AA1E25D131EB73C0F /* libPods.a in Frameworks */ = {isa = PBXBuildFile; fileRef = 4DF347E97B82958E825B91A1 /* libPods.a */; };
		C433D3A0B5E9E0EE9E9CD9DA /* libPods-Storyboard For Reveal.a in Frameworks */ = {isa = PBXBuildFile; fileRef = 283B55C04CD8119AEC1C05AF /* libPods-Storyboard For Reveal.a */; };
/* End PBXBuildFile section */

/* Begin PBXContainerItemProxy section */
		092583091AC94A940026AECA /* PBXContainerItemProxy */ = {
			isa = PBXContainerItemProxy;
			containerPortal = 092582E81AC94A940026AECA /* Project object */;
			proxyType = 1;
			remoteGlobalIDString = 092582EF1AC94A940026AECA;
			remoteInfo = Storyboard;
		};
/* End PBXContainerItemProxy section */

/* Begin PBXFileReference section */
		06092BE11ACADD0100FF320C /* GalleryViewController.swift */ = {isa = PBXFileReference; fileEncoding = 4; lastKnownFileType = sourcecode.swift; path = GalleryViewController.swift; sourceTree = "<group>"; };
		06092BE21ACADD0100FF320C /* GalleryViewController.xib */ = {isa = PBXFileReference; fileEncoding = 4; lastKnownFileType = file.xib; path = GalleryViewController.xib; sourceTree = "<group>"; };
		06092BE51ACAFD1300FF320C /* GalleryPage.swift */ = {isa = PBXFileReference; fileEncoding = 4; lastKnownFileType = sourcecode.swift; path = GalleryPage.swift; sourceTree = "<group>"; };
		0908134F1AC96540006C19FA /* pl3.jpg */ = {isa = PBXFileReference; lastKnownFileType = image.jpeg; path = pl3.jpg; sourceTree = "<group>"; };
		090813501AC96540006C19FA /* pl4.jpg */ = {isa = PBXFileReference; lastKnownFileType = image.jpeg; path = pl4.jpg; sourceTree = "<group>"; };
		090813541AC96C07006C19FA /* StoryViewController.swift */ = {isa = PBXFileReference; fileEncoding = 4; lastKnownFileType = sourcecode.swift; path = StoryViewController.swift; sourceTree = "<group>"; };
		090C4B2E1B1EB0A80038BB2A /* AlbumHelper.swift */ = {isa = PBXFileReference; fileEncoding = 4; lastKnownFileType = sourcecode.swift; path = AlbumHelper.swift; sourceTree = "<group>"; };
		090C4B321B1ECA220038BB2A /* HomeViewModel.swift */ = {isa = PBXFileReference; fileEncoding = 4; lastKnownFileType = sourcecode.swift; path = HomeViewModel.swift; sourceTree = "<group>"; };
		090C4B361B1ECE0D0038BB2A /* ASHCoreDataStack.h */ = {isa = PBXFileReference; fileEncoding = 4; lastKnownFileType = sourcecode.c.h; path = ASHCoreDataStack.h; sourceTree = "<group>"; };
		090C4B371B1ECE0D0038BB2A /* ASHCoreDataStack.m */ = {isa = PBXFileReference; fileEncoding = 4; lastKnownFileType = sourcecode.c.objc; path = ASHCoreDataStack.m; sourceTree = "<group>"; };
		091A2F521ACA8E930014D07C /* PRSlideView.swift */ = {isa = PBXFileReference; fileEncoding = 4; lastKnownFileType = sourcecode.swift; path = PRSlideView.swift; sourceTree = "<group>"; };
		091A2F531ACA8E930014D07C /* PRSlideViewPage.swift */ = {isa = PBXFileReference; fileEncoding = 4; lastKnownFileType = sourcecode.swift; path = PRSlideViewPage.swift; sourceTree = "<group>"; };
		091A2F571ACA9F610014D07C /* TQViewTransition.swift */ = {isa = PBXFileReference; fileEncoding = 4; lastKnownFileType = sourcecode.swift; path = TQViewTransition.swift; sourceTree = "<group>"; };
		091A2F5C1ACAC31A0014D07C /* RAMBounceAnimation.swift */ = {isa = PBXFileReference; fileEncoding = 4; lastKnownFileType = sourcecode.swift; path = RAMBounceAnimation.swift; sourceTree = "<group>"; };
		091A2F5E1ACAC31A0014D07C /* RAMFrameItemAnimation.swift */ = {isa = PBXFileReference; fileEncoding = 4; lastKnownFileType = sourcecode.swift; path = RAMFrameItemAnimation.swift; sourceTree = "<group>"; };
		091A2F601ACAC31A0014D07C /* RAMFumeAnimation.swift */ = {isa = PBXFileReference; fileEncoding = 4; lastKnownFileType = sourcecode.swift; path = RAMFumeAnimation.swift; sourceTree = "<group>"; };
		091A2F621ACAC31A0014D07C /* RAMRotationAnimation.swift */ = {isa = PBXFileReference; fileEncoding = 4; lastKnownFileType = sourcecode.swift; path = RAMRotationAnimation.swift; sourceTree = "<group>"; };
		091A2F641ACAC31A0014D07C /* RAMTransitionItemAnimation.swift */ = {isa = PBXFileReference; fileEncoding = 4; lastKnownFileType = sourcecode.swift; path = RAMTransitionItemAnimation.swift; sourceTree = "<group>"; };
		091A2F651ACAC31A0014D07C /* RAMAnimatedTabBarController.swift */ = {isa = PBXFileReference; fileEncoding = 4; lastKnownFileType = sourcecode.swift; path = RAMAnimatedTabBarController.swift; sourceTree = "<group>"; };
		091A2F661ACAC31A0014D07C /* RAMItemAnimationProtocol.swift */ = {isa = PBXFileReference; fileEncoding = 4; lastKnownFileType = sourcecode.swift; path = RAMItemAnimationProtocol.swift; sourceTree = "<group>"; };
		092582F01AC94A940026AECA /* Storyboard.app */ = {isa = PBXFileReference; explicitFileType = wrapper.application; includeInIndex = 0; path = Storyboard.app; sourceTree = BUILT_PRODUCTS_DIR; };
		092582F41AC94A940026AECA /* Info.plist */ = {isa = PBXFileReference; lastKnownFileType = text.plist.xml; path = Info.plist; sourceTree = "<group>"; };
		092582F81AC94A940026AECA /* Storyboard.xcdatamodel */ = {isa = PBXFileReference; lastKnownFileType = wrapper.xcdatamodel; path = Storyboard.xcdatamodel; sourceTree = "<group>"; };
		092582FD1AC94A940026AECA /* Base */ = {isa = PBXFileReference; lastKnownFileType = file.storyboard; name = Base; path = Base.lproj/Main.storyboard; sourceTree = "<group>"; };
		092582FF1AC94A940026AECA /* Images.xcassets */ = {isa = PBXFileReference; lastKnownFileType = folder.assetcatalog; path = Images.xcassets; sourceTree = "<group>"; };
		092583021AC94A940026AECA /* Base */ = {isa = PBXFileReference; lastKnownFileType = file.xib; name = Base; path = Base.lproj/LaunchScreen.xib; sourceTree = "<group>"; };
		092583081AC94A940026AECA /* StoryboardTests.xctest */ = {isa = PBXFileReference; explicitFileType = wrapper.cfbundle; includeInIndex = 0; path = StoryboardTests.xctest; sourceTree = BUILT_PRODUCTS_DIR; };
		0925830D1AC94A940026AECA /* Info.plist */ = {isa = PBXFileReference; lastKnownFileType = text.plist.xml; path = Info.plist; sourceTree = "<group>"; };
		0925830E1AC94A940026AECA /* StoryboardTests.swift */ = {isa = PBXFileReference; lastKnownFileType = sourcecode.swift; path = StoryboardTests.swift; sourceTree = "<group>"; };
		0925831D1AC94D170026AECA /* AppDelegate.swift */ = {isa = PBXFileReference; fileEncoding = 4; lastKnownFileType = sourcecode.swift; path = AppDelegate.swift; sourceTree = "<group>"; };
		092583211AC94D260026AECA /* ViewController.swift */ = {isa = PBXFileReference; fileEncoding = 4; lastKnownFileType = sourcecode.swift; path = ViewController.swift; sourceTree = "<group>"; };
		092583251AC9522B0026AECA /* pl1.jpg */ = {isa = PBXFileReference; lastKnownFileType = image.jpeg; path = pl1.jpg; sourceTree = "<group>"; };
		092583261AC9522B0026AECA /* pl2.jpg */ = {isa = PBXFileReference; lastKnownFileType = image.jpeg; path = pl2.jpg; sourceTree = "<group>"; };
		092583291AC9522B0026AECA /* pl5.jpg */ = {isa = PBXFileReference; lastKnownFileType = image.jpeg; path = pl5.jpg; sourceTree = "<group>"; };
		092583301AC952C60026AECA /* HomeViewController.swift */ = {isa = PBXFileReference; fileEncoding = 4; lastKnownFileType = sourcecode.swift; path = HomeViewController.swift; sourceTree = "<group>"; };
		09552BBE1B1C389D006B685D /* StoryboardForReveal.app */ = {isa = PBXFileReference; explicitFileType = wrapper.application; includeInIndex = 0; path = StoryboardForReveal.app; sourceTree = BUILT_PRODUCTS_DIR; };
		09552BC11B1C38FD006B685D /* StoryboardForReveal.plist */ = {isa = PBXFileReference; fileEncoding = 4; lastKnownFileType = text.plist.xml; path = StoryboardForReveal.plist; sourceTree = "<group>"; };
		09552BC31B1C39F5006B685D /* libReveal.dylib */ = {isa = PBXFileReference; lastKnownFileType = "compiled.mach-o.dylib"; name = libReveal.dylib; path = Dylibs/libReveal.dylib; sourceTree = SOURCE_ROOT; };
		09552BCA1B1C47C1006B685D /* AddNewAlbumViewController.swift */ = {isa = PBXFileReference; fileEncoding = 4; lastKnownFileType = sourcecode.swift; path = AddNewAlbumViewController.swift; sourceTree = "<group>"; };
		09552BD81B1C515D006B685D /* ReactiveCocoaBindings.swift */ = {isa = PBXFileReference; fileEncoding = 4; lastKnownFileType = sourcecode.swift; path = ReactiveCocoaBindings.swift; sourceTree = "<group>"; };
		09552BDC1B1C5EB1006B685D /* AddNewAlbumViewModel.swift */ = {isa = PBXFileReference; fileEncoding = 4; lastKnownFileType = sourcecode.swift; path = AddNewAlbumViewModel.swift; sourceTree = "<group>"; };
		096EB4361AD7BF42009E765C /* RosyWriterCapturePipeline.h */ = {isa = PBXFileReference; fileEncoding = 4; lastKnownFileType = sourcecode.c.h; path = RosyWriterCapturePipeline.h; sourceTree = "<group>"; };
		096EB4371AD7BF42009E765C /* RosyWriterCapturePipeline.m */ = {isa = PBXFileReference; fileEncoding = 4; lastKnownFileType = sourcecode.c.objc; path = RosyWriterCapturePipeline.m; sourceTree = "<group>"; };
		096EB4381AD7BF42009E765C /* RosyWriterOpenGLRenderer.h */ = {isa = PBXFileReference; fileEncoding = 4; lastKnownFileType = sourcecode.c.h; path = RosyWriterOpenGLRenderer.h; sourceTree = "<group>"; };
		096EB4391AD7BF42009E765C /* RosyWriterOpenGLRenderer.m */ = {isa = PBXFileReference; fileEncoding = 4; lastKnownFileType = sourcecode.c.objc; path = RosyWriterOpenGLRenderer.m; sourceTree = "<group>"; };
		096EB43A1AD7BF42009E765C /* RosyWriterRenderer.h */ = {isa = PBXFileReference; fileEncoding = 4; lastKnownFileType = sourcecode.c.h; path = RosyWriterRenderer.h; sourceTree = "<group>"; };
		096EB43D1AD7BF42009E765C /* matrix.c */ = {isa = PBXFileReference; fileEncoding = 4; lastKnownFileType = sourcecode.c.c; path = matrix.c; sourceTree = "<group>"; };
		096EB43E1AD7BF42009E765C /* matrix.h */ = {isa = PBXFileReference; fileEncoding = 4; lastKnownFileType = sourcecode.c.h; path = matrix.h; sourceTree = "<group>"; };
		096EB43F1AD7BF42009E765C /* ShaderUtilities.c */ = {isa = PBXFileReference; fileEncoding = 4; lastKnownFileType = sourcecode.c.c; path = ShaderUtilities.c; sourceTree = "<group>"; };
		096EB4401AD7BF42009E765C /* ShaderUtilities.h */ = {isa = PBXFileReference; fileEncoding = 4; lastKnownFileType = sourcecode.c.h; path = ShaderUtilities.h; sourceTree = "<group>"; };
		096EB4411AD7BF42009E765C /* MovieRecorder.h */ = {isa = PBXFileReference; fileEncoding = 4; lastKnownFileType = sourcecode.c.h; path = MovieRecorder.h; sourceTree = "<group>"; };
		096EB4421AD7BF42009E765C /* MovieRecorder.m */ = {isa = PBXFileReference; fileEncoding = 4; lastKnownFileType = sourcecode.c.objc; path = MovieRecorder.m; sourceTree = "<group>"; };
		096EB4431AD7BF42009E765C /* OpenGLPixelBufferView.h */ = {isa = PBXFileReference; fileEncoding = 4; lastKnownFileType = sourcecode.c.h; path = OpenGLPixelBufferView.h; sourceTree = "<group>"; };
		096EB4441AD7BF42009E765C /* OpenGLPixelBufferView.m */ = {isa = PBXFileReference; fileEncoding = 4; lastKnownFileType = sourcecode.c.objc; path = OpenGLPixelBufferView.m; sourceTree = "<group>"; };
		096EB44C1AD7BFD0009E765C /* myFilter.fsh */ = {isa = PBXFileReference; fileEncoding = 4; lastKnownFileType = sourcecode.glsl; path = myFilter.fsh; sourceTree = "<group>"; };
		096EB44D1AD7BFD0009E765C /* myFilter.vsh */ = {isa = PBXFileReference; fileEncoding = 4; lastKnownFileType = sourcecode.glsl; path = myFilter.vsh; sourceTree = "<group>"; };
		096EB4521AD7C167009E765C /* TinyVideoCaptureViewController.swift */ = {isa = PBXFileReference; fileEncoding = 4; lastKnownFileType = sourcecode.swift; path = TinyVideoCaptureViewController.swift; sourceTree = "<group>"; };
		097C46951AD4BE4C00AB77B2 /* VideoViewController.swift */ = {isa = PBXFileReference; fileEncoding = 4; lastKnownFileType = sourcecode.swift; path = VideoViewController.swift; sourceTree = "<group>"; };
		097C46981AD4CF9A00AB77B2 /* 10411608041575417ed67610.jpg */ = {isa = PBXFileReference; lastKnownFileType = image.jpeg; path = 10411608041575417ed67610.jpg; sourceTree = "<group>"; };
		097C46991AD4CF9A00AB77B2 /* 10411608041575417ed67610.mp4 */ = {isa = PBXFileReference; lastKnownFileType = file; path = 10411608041575417ed67610.mp4; sourceTree = "<group>"; };
		097C469A1AD4CF9A00AB77B2 /* 10465908041575417ed94771.jpg */ = {isa = PBXFileReference; lastKnownFileType = image.jpeg; path = 10465908041575417ed94771.jpg; sourceTree = "<group>"; };
		097C469B1AD4CF9A00AB77B2 /* 10465908041575417ed94771.mp4 */ = {isa = PBXFileReference; lastKnownFileType = file; path = 10465908041575417ed94771.mp4; sourceTree = "<group>"; };
		097C46A11AD4D7E500AB77B2 /* ALView+PureLayout.h */ = {isa = PBXFileReference; fileEncoding = 4; lastKnownFileType = sourcecode.c.h; path = "ALView+PureLayout.h"; sourceTree = "<group>"; };
		097C46A21AD4D7E500AB77B2 /* ALView+PureLayout.m */ = {isa = PBXFileReference; fileEncoding = 4; lastKnownFileType = sourcecode.c.objc; path = "ALView+PureLayout.m"; sourceTree = "<group>"; };
		097C46A31AD4D7E500AB77B2 /* NSArray+PureLayout.h */ = {isa = PBXFileReference; fileEncoding = 4; lastKnownFileType = sourcecode.c.h; path = "NSArray+PureLayout.h"; sourceTree = "<group>"; };
		097C46A41AD4D7E500AB77B2 /* NSArray+PureLayout.m */ = {isa = PBXFileReference; fileEncoding = 4; lastKnownFileType = sourcecode.c.objc; path = "NSArray+PureLayout.m"; sourceTree = "<group>"; };
		097C46A51AD4D7E500AB77B2 /* NSLayoutConstraint+PureLayout.h */ = {isa = PBXFileReference; fileEncoding = 4; lastKnownFileType = sourcecode.c.h; path = "NSLayoutConstraint+PureLayout.h"; sourceTree = "<group>"; };
		097C46A61AD4D7E500AB77B2 /* NSLayoutConstraint+PureLayout.m */ = {isa = PBXFileReference; fileEncoding = 4; lastKnownFileType = sourcecode.c.objc; path = "NSLayoutConstraint+PureLayout.m"; sourceTree = "<group>"; };
		097C46A71AD4D7E500AB77B2 /* PureLayout+Internal.h */ = {isa = PBXFileReference; fileEncoding = 4; lastKnownFileType = sourcecode.c.h; path = "PureLayout+Internal.h"; sourceTree = "<group>"; };
		097C46A81AD4D7E500AB77B2 /* PureLayout.h */ = {isa = PBXFileReference; fileEncoding = 4; lastKnownFileType = sourcecode.c.h; path = PureLayout.h; sourceTree = "<group>"; };
		097C46A91AD4D7E500AB77B2 /* PureLayoutDefines.h */ = {isa = PBXFileReference; fileEncoding = 4; lastKnownFileType = sourcecode.c.h; path = PureLayoutDefines.h; sourceTree = "<group>"; };
		097C46B01AD4D85700AB77B2 /* SwfitOCBridge.h */ = {isa = PBXFileReference; fileEncoding = 4; lastKnownFileType = sourcecode.c.h; path = SwfitOCBridge.h; sourceTree = "<group>"; };
		09C115641ACA5D6B002E40FF /* pl_wuhan.jpg */ = {isa = PBXFileReference; lastKnownFileType = image.jpeg; path = pl_wuhan.jpg; sourceTree = "<group>"; };
		09D063221B1D969B007146F6 /* Pods-Storyboard.debug.xcconfig */ = {isa = PBXFileReference; lastKnownFileType = text.xcconfig; name = "Pods-Storyboard.debug.xcconfig"; path = "Pods/Target Support Files/Pods-Storyboard/Pods-Storyboard.debug.xcconfig"; sourceTree = "<group>"; };
		09D063231B1D969B007146F6 /* Pods-Storyboard.release.xcconfig */ = {isa = PBXFileReference; lastKnownFileType = text.xcconfig; name = "Pods-Storyboard.release.xcconfig"; path = "Pods/Target Support Files/Pods-Storyboard/Pods-Storyboard.release.xcconfig"; sourceTree = "<group>"; };
		09D063241B1DAE76007146F6 /* Album.swift */ = {isa = PBXFileReference; fileEncoding = 4; lastKnownFileType = sourcecode.swift; path = Album.swift; sourceTree = "<group>"; };
		09D063251B1DAE76007146F6 /* Medium.swift */ = {isa = PBXFileReference; fileEncoding = 4; lastKnownFileType = sourcecode.swift; path = Medium.swift; sourceTree = "<group>"; };
		09F88C751AD611A50096DAA2 /* SmallVideoCaptureViewController.swift */ = {isa = PBXFileReference; fileEncoding = 4; lastKnownFileType = sourcecode.swift; path = SmallVideoCaptureViewController.swift; sourceTree = "<group>"; };
		09F88C761AD611A50096DAA2 /* SmallVideoCaptureViewController.xib */ = {isa = PBXFileReference; fileEncoding = 4; lastKnownFileType = file.xib; path = SmallVideoCaptureViewController.xib; sourceTree = "<group>"; };
		09F88C7B1AD61A510096DAA2 /* TQTwoSideProgressBar.swift */ = {isa = PBXFileReference; fileEncoding = 4; lastKnownFileType = sourcecode.swift; path = TQTwoSideProgressBar.swift; sourceTree = "<group>"; };
		283B55C04CD8119AEC1C05AF /* libPods-Storyboard For Reveal.a */ = {isa = PBXFileReference; explicitFileType = archive.ar; includeInIndex = 0; path = "libPods-Storyboard For Reveal.a"; sourceTree = BUILT_PRODUCTS_DIR; };
		2865C34708B9039F880EE694 /* Pods-Storyboard For Reveal.debug.xcconfig */ = {isa = PBXFileReference; includeInIndex = 1; lastKnownFileType = text.xcconfig; name = "Pods-Storyboard For Reveal.debug.xcconfig"; path = "Pods/Target Support Files/Pods-Storyboard For Reveal/Pods-Storyboard For Reveal.debug.xcconfig"; sourceTree = "<group>"; };
		4DF347E97B82958E825B91A1 /* libPods.a */ = {isa = PBXFileReference; explicitFileType = archive.ar; includeInIndex = 0; path = libPods.a; sourceTree = BUILT_PRODUCTS_DIR; };
		A2F5FFA0E3EF9FED2E008684 /* libPods-Storyboard.a */ = {isa = PBXFileReference; explicitFileType = archive.ar; includeInIndex = 0; path = "libPods-Storyboard.a"; sourceTree = BUILT_PRODUCTS_DIR; };
		C96CA1D32242F83344ABF97C /* Pods-Storyboard For Reveal.release.xcconfig */ = {isa = PBXFileReference; includeInIndex = 1; lastKnownFileType = text.xcconfig; name = "Pods-Storyboard For Reveal.release.xcconfig"; path = "Pods/Target Support Files/Pods-Storyboard For Reveal/Pods-Storyboard For Reveal.release.xcconfig"; sourceTree = "<group>"; };
/* End PBXFileReference section */

/* Begin PBXFrameworksBuildPhase section */
		092582ED1AC94A940026AECA /* Frameworks */ = {
			isa = PBXFrameworksBuildPhase;
			buildActionMask = 2147483647;
			files = (
				B2E0688AA1E25D131EB73C0F /* libPods.a in Frameworks */,
				B02FA98B65B7488278704742 /* libPods-Storyboard.a in Frameworks */,
			);
			runOnlyForDeploymentPostprocessing = 0;
		};
		092583051AC94A940026AECA /* Frameworks */ = {
			isa = PBXFrameworksBuildPhase;
			buildActionMask = 2147483647;
			files = (
			);
			runOnlyForDeploymentPostprocessing = 0;
		};
		09552BA81B1C389D006B685D /* Frameworks */ = {
			isa = PBXFrameworksBuildPhase;
			buildActionMask = 2147483647;
			files = (
				C433D3A0B5E9E0EE9E9CD9DA /* libPods-Storyboard For Reveal.a in Frameworks */,
			);
			runOnlyForDeploymentPostprocessing = 0;
		};
/* End PBXFrameworksBuildPhase section */

/* Begin PBXGroup section */
		06092BE01ACADCCC00FF320C /* Gallery */ = {
			isa = PBXGroup;
			children = (
				06092BE11ACADD0100FF320C /* GalleryViewController.swift */,
				06092BE21ACADD0100FF320C /* GalleryViewController.xib */,
				06092BE51ACAFD1300FF320C /* GalleryPage.swift */,
			);
			path = Gallery;
			sourceTree = "<group>";
		};
		090813531AC96BFD006C19FA /* Story */ = {
			isa = PBXGroup;
			children = (
				090813541AC96C07006C19FA /* StoryViewController.swift */,
			);
			path = Story;
			sourceTree = "<group>";
		};
		090C4B2C1B1EB06A0038BB2A /* CoreDataHelper */ = {
			isa = PBXGroup;
			children = (
				090C4B2D1B1EB08C0038BB2A /* AlbumHelper */,
			);
			path = CoreDataHelper;
			sourceTree = "<group>";
		};
		090C4B2D1B1EB08C0038BB2A /* AlbumHelper */ = {
			isa = PBXGroup;
			children = (
				090C4B2E1B1EB0A80038BB2A /* AlbumHelper.swift */,
			);
			path = AlbumHelper;
			sourceTree = "<group>";
		};
		090C4B311B1EC9FC0038BB2A /* Home */ = {
			isa = PBXGroup;
			children = (
				090C4B321B1ECA220038BB2A /* HomeViewModel.swift */,
			);
			path = Home;
			sourceTree = "<group>";
		};
		090C4B351B1ECE0D0038BB2A /* CoreDataStack */ = {
			isa = PBXGroup;
			children = (
				090C4B361B1ECE0D0038BB2A /* ASHCoreDataStack.h */,
				090C4B371B1ECE0D0038BB2A /* ASHCoreDataStack.m */,
			);
			path = CoreDataStack;
			sourceTree = "<group>";
		};
		091A2F501ACA8E930014D07C /* Venders */ = {
			isa = PBXGroup;
			children = (
				090C4B351B1ECE0D0038BB2A /* CoreDataStack */,
				096EB4351AD7BF42009E765C /* AppleVideoCapturer */,
				097C46A01AD4D7E500AB77B2 /* PureLayout */,
				091A2F511ACA8E930014D07C /* PRSlideView */,
				091A2F591ACAC31A0014D07C /* RAMAnimatedTabBarController */,
				09552BD71B1C513E006B685D /* ReactiveCocoa */,
				091A2F561ACA9F4F0014D07C /* TQViewTransition */,
			);
			path = Venders;
			sourceTree = "<group>";
		};
		091A2F511ACA8E930014D07C /* PRSlideView */ = {
			isa = PBXGroup;
			children = (
				091A2F521ACA8E930014D07C /* PRSlideView.swift */,
				091A2F531ACA8E930014D07C /* PRSlideViewPage.swift */,
			);
			path = PRSlideView;
			sourceTree = "<group>";
		};
		091A2F561ACA9F4F0014D07C /* TQViewTransition */ = {
			isa = PBXGroup;
			children = (
				091A2F571ACA9F610014D07C /* TQViewTransition.swift */,
			);
			path = TQViewTransition;
			sourceTree = "<group>";
		};
		091A2F591ACAC31A0014D07C /* RAMAnimatedTabBarController */ = {
			isa = PBXGroup;
			children = (
				091A2F5A1ACAC31A0014D07C /* Animations */,
				091A2F651ACAC31A0014D07C /* RAMAnimatedTabBarController.swift */,
				091A2F661ACAC31A0014D07C /* RAMItemAnimationProtocol.swift */,
			);
			path = RAMAnimatedTabBarController;
			sourceTree = "<group>";
		};
		091A2F5A1ACAC31A0014D07C /* Animations */ = {
			isa = PBXGroup;
			children = (
				091A2F5B1ACAC31A0014D07C /* BounceAnimation */,
				091A2F5D1ACAC31A0014D07C /* FrameAnimation */,
				091A2F5F1ACAC31A0014D07C /* FumeAnimation */,
				091A2F611ACAC31A0014D07C /* RotationAnimation */,
				091A2F631ACAC31A0014D07C /* TransitionAniamtions */,
			);
			path = Animations;
			sourceTree = "<group>";
		};
		091A2F5B1ACAC31A0014D07C /* BounceAnimation */ = {
			isa = PBXGroup;
			children = (
				091A2F5C1ACAC31A0014D07C /* RAMBounceAnimation.swift */,
			);
			path = BounceAnimation;
			sourceTree = "<group>";
		};
		091A2F5D1ACAC31A0014D07C /* FrameAnimation */ = {
			isa = PBXGroup;
			children = (
				091A2F5E1ACAC31A0014D07C /* RAMFrameItemAnimation.swift */,
			);
			path = FrameAnimation;
			sourceTree = "<group>";
		};
		091A2F5F1ACAC31A0014D07C /* FumeAnimation */ = {
			isa = PBXGroup;
			children = (
				091A2F601ACAC31A0014D07C /* RAMFumeAnimation.swift */,
			);
			path = FumeAnimation;
			sourceTree = "<group>";
		};
		091A2F611ACAC31A0014D07C /* RotationAnimation */ = {
			isa = PBXGroup;
			children = (
				091A2F621ACAC31A0014D07C /* RAMRotationAnimation.swift */,
			);
			path = RotationAnimation;
			sourceTree = "<group>";
		};
		091A2F631ACAC31A0014D07C /* TransitionAniamtions */ = {
			isa = PBXGroup;
			children = (
				091A2F641ACAC31A0014D07C /* RAMTransitionItemAnimation.swift */,
			);
			path = TransitionAniamtions;
			sourceTree = "<group>";
		};
		092582E71AC94A940026AECA = {
			isa = PBXGroup;
			children = (
				092582F21AC94A940026AECA /* Storyboard */,
				09552BC01B1C38FD006B685D /* StoryboardForReveal */,
				0925830B1AC94A940026AECA /* StoryboardTests */,
				092582F11AC94A940026AECA /* Products */,
				77A2E3B4BF60FC929B028097 /* Pods */,
				71CA667C86D4DE44498023E9 /* Frameworks */,
			);
			sourceTree = "<group>";
		};
		092582F11AC94A940026AECA /* Products */ = {
			isa = PBXGroup;
			children = (
				092582F01AC94A940026AECA /* Storyboard.app */,
				092583081AC94A940026AECA /* StoryboardTests.xctest */,
				09552BBE1B1C389D006B685D /* StoryboardForReveal.app */,
			);
			name = Products;
			sourceTree = "<group>";
		};
		092582F21AC94A940026AECA /* Storyboard */ = {
			isa = PBXGroup;
			children = (
				0925831C1AC94D170026AECA /* Main */,
				09552BC71B1C46DC006B685D /* Models */,
				09552BC81B1C46DC006B685D /* ViewModels */,
				091A2F501ACA8E930014D07C /* Venders */,
				092583201AC94D260026AECA /* ViewControllers */,
				09F88C791AD61A120096DAA2 /* Views */,
				0925831E1AC94D170026AECA /* Services */,
				092583231AC9522B0026AECA /* Resources */,
				092582FC1AC94A940026AECA /* Main.storyboard */,
				092582FF1AC94A940026AECA /* Images.xcassets */,
				092583011AC94A940026AECA /* LaunchScreen.xib */,
				092582F71AC94A940026AECA /* Storyboard.xcdatamodeld */,
				092582F31AC94A940026AECA /* Supporting Files */,
			);
			path = Storyboard;
			sourceTree = "<group>";
		};
		092582F31AC94A940026AECA /* Supporting Files */ = {
			isa = PBXGroup;
			children = (
				092582F41AC94A940026AECA /* Info.plist */,
			);
			name = "Supporting Files";
			sourceTree = "<group>";
		};
		0925830B1AC94A940026AECA /* StoryboardTests */ = {
			isa = PBXGroup;
			children = (
				0925830E1AC94A940026AECA /* StoryboardTests.swift */,
				0925830C1AC94A940026AECA /* Supporting Files */,
			);
			path = StoryboardTests;
			sourceTree = "<group>";
		};
		0925830C1AC94A940026AECA /* Supporting Files */ = {
			isa = PBXGroup;
			children = (
				0925830D1AC94A940026AECA /* Info.plist */,
			);
			name = "Supporting Files";
			sourceTree = "<group>";
		};
		0925831C1AC94D170026AECA /* Main */ = {
			isa = PBXGroup;
			children = (
				0925831D1AC94D170026AECA /* AppDelegate.swift */,
				097C46B01AD4D85700AB77B2 /* SwfitOCBridge.h */,
			);
			path = Main;
			sourceTree = "<group>";
		};
		0925831E1AC94D170026AECA /* Services */ = {
			isa = PBXGroup;
			children = (
				090C4B2C1B1EB06A0038BB2A /* CoreDataHelper */,
			);
			path = Services;
			sourceTree = "<group>";
		};
		092583201AC94D260026AECA /* ViewControllers */ = {
			isa = PBXGroup;
			children = (
				09552BC91B1C4799006B685D /* AddNewAlbum */,
				097C46941AD4BE2100AB77B2 /* Media */,
				090813531AC96BFD006C19FA /* Story */,
				0925832F1AC952B80026AECA /* Home */,
				06092BE01ACADCCC00FF320C /* Gallery */,
				092583211AC94D260026AECA /* ViewController.swift */,
			);
			path = ViewControllers;
			sourceTree = "<group>";
		};
		092583231AC9522B0026AECA /* Resources */ = {
			isa = PBXGroup;
			children = (
				097C46971AD4CF9A00AB77B2 /* Videos */,
				092583241AC9522B0026AECA /* Images */,
			);
			path = Resources;
			sourceTree = "<group>";
		};
		092583241AC9522B0026AECA /* Images */ = {
			isa = PBXGroup;
			children = (
				09C115641ACA5D6B002E40FF /* pl_wuhan.jpg */,
				092583251AC9522B0026AECA /* pl1.jpg */,
				092583261AC9522B0026AECA /* pl2.jpg */,
				0908134F1AC96540006C19FA /* pl3.jpg */,
				090813501AC96540006C19FA /* pl4.jpg */,
				092583291AC9522B0026AECA /* pl5.jpg */,
			);
			path = Images;
			sourceTree = "<group>";
		};
		0925832F1AC952B80026AECA /* Home */ = {
			isa = PBXGroup;
			children = (
				092583301AC952C60026AECA /* HomeViewController.swift */,
			);
			path = Home;
			sourceTree = "<group>";
		};
		09552BC01B1C38FD006B685D /* StoryboardForReveal */ = {
			isa = PBXGroup;
			children = (
				09552BC31B1C39F5006B685D /* libReveal.dylib */,
				09552BC11B1C38FD006B685D /* StoryboardForReveal.plist */,
			);
			path = StoryboardForReveal;
			sourceTree = "<group>";
		};
		09552BC71B1C46DC006B685D /* Models */ = {
			isa = PBXGroup;
			children = (
				09D063241B1DAE76007146F6 /* Album.swift */,
				09D063251B1DAE76007146F6 /* Medium.swift */,
			);
			path = Models;
			sourceTree = "<group>";
		};
		09552BC81B1C46DC006B685D /* ViewModels */ = {
			isa = PBXGroup;
			children = (
				09552BDB1B1C5E7E006B685D /* AddNewAlbum */,
				090C4B311B1EC9FC0038BB2A /* Home */,
			);
			path = ViewModels;
			sourceTree = "<group>";
		};
		09552BC91B1C4799006B685D /* AddNewAlbum */ = {
			isa = PBXGroup;
			children = (
				09552BCA1B1C47C1006B685D /* AddNewAlbumViewController.swift */,
			);
			path = AddNewAlbum;
			sourceTree = "<group>";
		};
		09552BD71B1C513E006B685D /* ReactiveCocoa */ = {
			isa = PBXGroup;
			children = (
				09552BD81B1C515D006B685D /* ReactiveCocoaBindings.swift */,
			);
			path = ReactiveCocoa;
			sourceTree = "<group>";
		};
		09552BDB1B1C5E7E006B685D /* AddNewAlbum */ = {
			isa = PBXGroup;
			children = (
				09552BDC1B1C5EB1006B685D /* AddNewAlbumViewModel.swift */,
			);
			path = AddNewAlbum;
			sourceTree = "<group>";
		};
		096EB4351AD7BF42009E765C /* AppleVideoCapturer */ = {
			isa = PBXGroup;
			children = (
				096EB4361AD7BF42009E765C /* RosyWriterCapturePipeline.h */,
				096EB4371AD7BF42009E765C /* RosyWriterCapturePipeline.m */,
				096EB4381AD7BF42009E765C /* RosyWriterOpenGLRenderer.h */,
				096EB4391AD7BF42009E765C /* RosyWriterOpenGLRenderer.m */,
				096EB43A1AD7BF42009E765C /* RosyWriterRenderer.h */,
				096EB44B1AD7BFD0009E765C /* Shaders */,
				096EB43B1AD7BF42009E765C /* Utilities */,
			);
			path = AppleVideoCapturer;
			sourceTree = "<group>";
		};
		096EB43B1AD7BF42009E765C /* Utilities */ = {
			isa = PBXGroup;
			children = (
				096EB43C1AD7BF42009E765C /* GL */,
				096EB4411AD7BF42009E765C /* MovieRecorder.h */,
				096EB4421AD7BF42009E765C /* MovieRecorder.m */,
				096EB4431AD7BF42009E765C /* OpenGLPixelBufferView.h */,
				096EB4441AD7BF42009E765C /* OpenGLPixelBufferView.m */,
			);
			path = Utilities;
			sourceTree = "<group>";
		};
		096EB43C1AD7BF42009E765C /* GL */ = {
			isa = PBXGroup;
			children = (
				096EB43D1AD7BF42009E765C /* matrix.c */,
				096EB43E1AD7BF42009E765C /* matrix.h */,
				096EB43F1AD7BF42009E765C /* ShaderUtilities.c */,
				096EB4401AD7BF42009E765C /* ShaderUtilities.h */,
			);
			path = GL;
			sourceTree = "<group>";
		};
		096EB44B1AD7BFD0009E765C /* Shaders */ = {
			isa = PBXGroup;
			children = (
				096EB44C1AD7BFD0009E765C /* myFilter.fsh */,
				096EB44D1AD7BFD0009E765C /* myFilter.vsh */,
			);
			path = Shaders;
			sourceTree = "<group>";
		};
		097C46941AD4BE2100AB77B2 /* Media */ = {
			isa = PBXGroup;
			children = (
				097C46951AD4BE4C00AB77B2 /* VideoViewController.swift */,
				096EB4521AD7C167009E765C /* TinyVideoCaptureViewController.swift */,
				09F88C751AD611A50096DAA2 /* SmallVideoCaptureViewController.swift */,
				09F88C761AD611A50096DAA2 /* SmallVideoCaptureViewController.xib */,
			);
			path = Media;
			sourceTree = "<group>";
		};
		097C46971AD4CF9A00AB77B2 /* Videos */ = {
			isa = PBXGroup;
			children = (
				097C46981AD4CF9A00AB77B2 /* 10411608041575417ed67610.jpg */,
				097C46991AD4CF9A00AB77B2 /* 10411608041575417ed67610.mp4 */,
				097C469A1AD4CF9A00AB77B2 /* 10465908041575417ed94771.jpg */,
				097C469B1AD4CF9A00AB77B2 /* 10465908041575417ed94771.mp4 */,
			);
			path = Videos;
			sourceTree = "<group>";
		};
		097C46A01AD4D7E500AB77B2 /* PureLayout */ = {
			isa = PBXGroup;
			children = (
				097C46A11AD4D7E500AB77B2 /* ALView+PureLayout.h */,
				097C46A21AD4D7E500AB77B2 /* ALView+PureLayout.m */,
				097C46A31AD4D7E500AB77B2 /* NSArray+PureLayout.h */,
				097C46A41AD4D7E500AB77B2 /* NSArray+PureLayout.m */,
				097C46A51AD4D7E500AB77B2 /* NSLayoutConstraint+PureLayout.h */,
				097C46A61AD4D7E500AB77B2 /* NSLayoutConstraint+PureLayout.m */,
				097C46A71AD4D7E500AB77B2 /* PureLayout+Internal.h */,
				097C46A81AD4D7E500AB77B2 /* PureLayout.h */,
				097C46A91AD4D7E500AB77B2 /* PureLayoutDefines.h */,
			);
			path = PureLayout;
			sourceTree = "<group>";
		};
		09F88C791AD61A120096DAA2 /* Views */ = {
			isa = PBXGroup;
			children = (
				09F88C7A1AD61A2D0096DAA2 /* Controls */,
			);
			path = Views;
			sourceTree = "<group>";
		};
		09F88C7A1AD61A2D0096DAA2 /* Controls */ = {
			isa = PBXGroup;
			children = (
				09F88C7B1AD61A510096DAA2 /* TQTwoSideProgressBar.swift */,
			);
			path = Controls;
			sourceTree = "<group>";
		};
		71CA667C86D4DE44498023E9 /* Frameworks */ = {
			isa = PBXGroup;
			children = (
				4DF347E97B82958E825B91A1 /* libPods.a */,
				A2F5FFA0E3EF9FED2E008684 /* libPods-Storyboard.a */,
				283B55C04CD8119AEC1C05AF /* libPods-Storyboard For Reveal.a */,
			);
			name = Frameworks;
			sourceTree = "<group>";
		};
		77A2E3B4BF60FC929B028097 /* Pods */ = {
			isa = PBXGroup;
			children = (
				09D063221B1D969B007146F6 /* Pods-Storyboard.debug.xcconfig */,
				09D063231B1D969B007146F6 /* Pods-Storyboard.release.xcconfig */,
				2865C34708B9039F880EE694 /* Pods-Storyboard For Reveal.debug.xcconfig */,
				C96CA1D32242F83344ABF97C /* Pods-Storyboard For Reveal.release.xcconfig */,
			);
			name = Pods;
			sourceTree = "<group>";
		};
/* End PBXGroup section */

/* Begin PBXNativeTarget section */
		092582EF1AC94A940026AECA /* Storyboard */ = {
			isa = PBXNativeTarget;
			buildConfigurationList = 092583121AC94A940026AECA /* Build configuration list for PBXNativeTarget "Storyboard" */;
			buildPhases = (
				0067E609E82ADD3789A1427F /* Check Pods Manifest.lock */,
				092582EC1AC94A940026AECA /* Sources */,
				092582ED1AC94A940026AECA /* Frameworks */,
				092582EE1AC94A940026AECA /* Resources */,
				42FB57BE3B52D4F64D6D7ECE /* Copy Pods Resources */,
			);
			buildRules = (
			);
			dependencies = (
			);
			name = Storyboard;
			productName = Storyboard;
			productReference = 092582F01AC94A940026AECA /* Storyboard.app */;
			productType = "com.apple.product-type.application";
		};
		092583071AC94A940026AECA /* StoryboardTests */ = {
			isa = PBXNativeTarget;
			buildConfigurationList = 092583151AC94A940026AECA /* Build configuration list for PBXNativeTarget "StoryboardTests" */;
			buildPhases = (
				092583041AC94A940026AECA /* Sources */,
				092583051AC94A940026AECA /* Frameworks */,
				092583061AC94A940026AECA /* Resources */,
			);
			buildRules = (
			);
			dependencies = (
				0925830A1AC94A940026AECA /* PBXTargetDependency */,
			);
			name = StoryboardTests;
			productName = StoryboardTests;
			productReference = 092583081AC94A940026AECA /* StoryboardTests.xctest */;
			productType = "com.apple.product-type.bundle.unit-test";
		};
		09552B881B1C389D006B685D /* Storyboard For Reveal */ = {
			isa = PBXNativeTarget;
			buildConfigurationList = 09552BBB1B1C389D006B685D /* Build configuration list for PBXNativeTarget "Storyboard For Reveal" */;
			buildPhases = (
				D9D4C1704B9DA58A0FE8DF2D /* Check Pods Manifest.lock */,
				09552B891B1C389D006B685D /* Sources */,
				09552BA81B1C389D006B685D /* Frameworks */,
				09552BA91B1C389D006B685D /* Resources */,
				09552BC61B1C3A17006B685D /* ShellScript */,
				EDF39A94A2874A60F33E3308 /* Copy Pods Resources */,
			);
			buildRules = (
			);
			dependencies = (
			);
			name = "Storyboard For Reveal";
			productName = Storyboard;
			productReference = 09552BBE1B1C389D006B685D /* StoryboardForReveal.app */;
			productType = "com.apple.product-type.application";
		};
/* End PBXNativeTarget section */

/* Begin PBXProject section */
		092582E81AC94A940026AECA /* Project object */ = {
			isa = PBXProject;
			attributes = {
				LastUpgradeCheck = 0620;
				ORGANIZATIONNAME = HLY;
				TargetAttributes = {
					092582EF1AC94A940026AECA = {
						CreatedOnToolsVersion = 6.2;
					};
					092583071AC94A940026AECA = {
						CreatedOnToolsVersion = 6.2;
						TestTargetID = 092582EF1AC94A940026AECA;
					};
				};
			};
			buildConfigurationList = 092582EB1AC94A940026AECA /* Build configuration list for PBXProject "Storyboard" */;
			compatibilityVersion = "Xcode 3.2";
			developmentRegion = English;
			hasScannedForEncodings = 0;
			knownRegions = (
				en,
				Base,
			);
			mainGroup = 092582E71AC94A940026AECA;
			productRefGroup = 092582F11AC94A940026AECA /* Products */;
			projectDirPath = "";
			projectRoot = "";
			targets = (
				092582EF1AC94A940026AECA /* Storyboard */,
				092583071AC94A940026AECA /* StoryboardTests */,
				09552B881B1C389D006B685D /* Storyboard For Reveal */,
			);
		};
/* End PBXProject section */

/* Begin PBXResourcesBuildPhase section */
		092582EE1AC94A940026AECA /* Resources */ = {
			isa = PBXResourcesBuildPhase;
			buildActionMask = 2147483647;
			files = (
				090813521AC96540006C19FA /* pl4.jpg in Resources */,
				09C115651ACA5D6B002E40FF /* pl_wuhan.jpg in Resources */,
				092582FE1AC94A940026AECA /* Main.storyboard in Resources */,
				097C469C1AD4CF9A00AB77B2 /* 10411608041575417ed67610.jpg in Resources */,
				092583031AC94A940026AECA /* LaunchScreen.xib in Resources */,
				0925832B1AC9522B0026AECA /* pl2.jpg in Resources */,
				06092BE41ACADD0100FF320C /* GalleryViewController.xib in Resources */,
				096EB44E1AD7BFD0009E765C /* myFilter.fsh in Resources */,
				097C469E1AD4CF9A00AB77B2 /* 10465908041575417ed94771.jpg in Resources */,
				090813511AC96540006C19FA /* pl3.jpg in Resources */,
				09F88C781AD611A50096DAA2 /* SmallVideoCaptureViewController.xib in Resources */,
				092583001AC94A940026AECA /* Images.xcassets in Resources */,
				0925832A1AC9522B0026AECA /* pl1.jpg in Resources */,
				097C469F1AD4CF9A00AB77B2 /* 10465908041575417ed94771.mp4 in Resources */,
				0925832E1AC9522B0026AECA /* pl5.jpg in Resources */,
				096EB44F1AD7BFD0009E765C /* myFilter.vsh in Resources */,
				097C469D1AD4CF9A00AB77B2 /* 10411608041575417ed67610.mp4 in Resources */,
			);
			runOnlyForDeploymentPostprocessing = 0;
		};
		092583061AC94A940026AECA /* Resources */ = {
			isa = PBXResourcesBuildPhase;
			buildActionMask = 2147483647;
			files = (
			);
			runOnlyForDeploymentPostprocessing = 0;
		};
		09552BA91B1C389D006B685D /* Resources */ = {
			isa = PBXResourcesBuildPhase;
			buildActionMask = 2147483647;
			files = (
				09552BC51B1C3A0E006B685D /* libReveal.dylib in Resources */,
				09552BAA1B1C389D006B685D /* pl4.jpg in Resources */,
				09552BAB1B1C389D006B685D /* pl_wuhan.jpg in Resources */,
				09552BAC1B1C389D006B685D /* Main.storyboard in Resources */,
				09552BAD1B1C389D006B685D /* 10411608041575417ed67610.jpg in Resources */,
				09552BAE1B1C389D006B685D /* LaunchScreen.xib in Resources */,
				09552BAF1B1C389D006B685D /* pl2.jpg in Resources */,
				09552BB01B1C389D006B685D /* GalleryViewController.xib in Resources */,
				09552BB11B1C389D006B685D /* myFilter.fsh in Resources */,
				09552BB21B1C389D006B685D /* 10465908041575417ed94771.jpg in Resources */,
				09552BB31B1C389D006B685D /* pl3.jpg in Resources */,
				09552BB41B1C389D006B685D /* SmallVideoCaptureViewController.xib in Resources */,
				09552BB51B1C389D006B685D /* Images.xcassets in Resources */,
				09552BB61B1C389D006B685D /* pl1.jpg in Resources */,
				09552BB71B1C389D006B685D /* 10465908041575417ed94771.mp4 in Resources */,
				09552BB81B1C389D006B685D /* pl5.jpg in Resources */,
				09552BB91B1C389D006B685D /* myFilter.vsh in Resources */,
				09552BBA1B1C389D006B685D /* 10411608041575417ed67610.mp4 in Resources */,
			);
			runOnlyForDeploymentPostprocessing = 0;
		};
/* End PBXResourcesBuildPhase section */

/* Begin PBXShellScriptBuildPhase section */
		0067E609E82ADD3789A1427F /* Check Pods Manifest.lock */ = {
			isa = PBXShellScriptBuildPhase;
			buildActionMask = 2147483647;
			files = (
			);
			inputPaths = (
			);
			name = "Check Pods Manifest.lock";
			outputPaths = (
			);
			runOnlyForDeploymentPostprocessing = 0;
			shellPath = /bin/sh;
			shellScript = "diff \"${PODS_ROOT}/../Podfile.lock\" \"${PODS_ROOT}/Manifest.lock\" > /dev/null\nif [[ $? != 0 ]] ; then\n    cat << EOM\nerror: The sandbox is not in sync with the Podfile.lock. Run 'pod install' or update your CocoaPods installation.\nEOM\n    exit 1\nfi\n";
			showEnvVarsInLog = 0;
		};
		09552BC61B1C3A17006B685D /* ShellScript */ = {
			isa = PBXShellScriptBuildPhase;
			buildActionMask = 2147483647;
			files = (
			);
			inputPaths = (
			);
			outputPaths = (
			);
			runOnlyForDeploymentPostprocessing = 0;
			shellPath = /bin/sh;
			shellScript = "set -e\n\nif [ -n \"${CODE_SIGN_IDENTITY}\" ]; then\ncodesign -fs \"${CODE_SIGN_IDENTITY}\" \"${BUILT_PRODUCTS_DIR}/${FULL_PRODUCT_NAME}/libReveal.dylib\"\nfi";
		};
		42FB57BE3B52D4F64D6D7ECE /* Copy Pods Resources */ = {
			isa = PBXShellScriptBuildPhase;
			buildActionMask = 2147483647;
			files = (
			);
			inputPaths = (
			);
			name = "Copy Pods Resources";
			outputPaths = (
			);
			runOnlyForDeploymentPostprocessing = 0;
			shellPath = /bin/sh;
			shellScript = "\"${SRCROOT}/Pods/Target Support Files/Pods-Storyboard/Pods-Storyboard-resources.sh\"\n";
			showEnvVarsInLog = 0;
		};
		D9D4C1704B9DA58A0FE8DF2D /* Check Pods Manifest.lock */ = {
			isa = PBXShellScriptBuildPhase;
			buildActionMask = 2147483647;
			files = (
			);
			inputPaths = (
			);
			name = "Check Pods Manifest.lock";
			outputPaths = (
			);
			runOnlyForDeploymentPostprocessing = 0;
			shellPath = /bin/sh;
			shellScript = "diff \"${PODS_ROOT}/../Podfile.lock\" \"${PODS_ROOT}/Manifest.lock\" > /dev/null\nif [[ $? != 0 ]] ; then\n    cat << EOM\nerror: The sandbox is not in sync with the Podfile.lock. Run 'pod install' or update your CocoaPods installation.\nEOM\n    exit 1\nfi\n";
			showEnvVarsInLog = 0;
		};
		EDF39A94A2874A60F33E3308 /* Copy Pods Resources */ = {
			isa = PBXShellScriptBuildPhase;
			buildActionMask = 2147483647;
			files = (
			);
			inputPaths = (
			);
			name = "Copy Pods Resources";
			outputPaths = (
			);
			runOnlyForDeploymentPostprocessing = 0;
			shellPath = /bin/sh;
			shellScript = "\"${SRCROOT}/Pods/Target Support Files/Pods-Storyboard For Reveal/Pods-Storyboard For Reveal-resources.sh\"\n";
			showEnvVarsInLog = 0;
		};
/* End PBXShellScriptBuildPhase section */

/* Begin PBXSourcesBuildPhase section */
		092582EC1AC94A940026AECA /* Sources */ = {
			isa = PBXSourcesBuildPhase;
			buildActionMask = 2147483647;
			files = (
				091A2F671ACAC31A0014D07C /* RAMBounceAnimation.swift in Sources */,
				09F88C771AD611A50096DAA2 /* SmallVideoCaptureViewController.swift in Sources */,
				096EB4451AD7BF42009E765C /* RosyWriterCapturePipeline.m in Sources */,
				09D063261B1DAE76007146F6 /* Album.swift in Sources */,
				090C4B381B1ECE0D0038BB2A /* ASHCoreDataStack.m in Sources */,
				09D063281B1DAE76007146F6 /* Medium.swift in Sources */,
				091A2F541ACA8E930014D07C /* PRSlideView.swift in Sources */,
				097C46961AD4BE4C00AB77B2 /* VideoViewController.swift in Sources */,
				090813551AC96C07006C19FA /* StoryViewController.swift in Sources */,
				097C46AB1AD4D7E500AB77B2 /* NSArray+PureLayout.m in Sources */,
				092583221AC94D260026AECA /* ViewController.swift in Sources */,
				090C4B331B1ECA220038BB2A /* HomeViewModel.swift in Sources */,
				0925831F1AC94D170026AECA /* AppDelegate.swift in Sources */,
				06092BE31ACADD0100FF320C /* GalleryViewController.swift in Sources */,
				06092BE61ACAFD1300FF320C /* GalleryPage.swift in Sources */,
				096EB4531AD7C167009E765C /* TinyVideoCaptureViewController.swift in Sources */,
				091A2F6C1ACAC31A0014D07C /* RAMAnimatedTabBarController.swift in Sources */,
				096EB4471AD7BF42009E765C /* matrix.c in Sources */,
				091A2F6A1ACAC31A0014D07C /* RAMRotationAnimation.swift in Sources */,
				096EB44A1AD7BF42009E765C /* OpenGLPixelBufferView.m in Sources */,
				091A2F581ACA9F610014D07C /* TQViewTransition.swift in Sources */,
				091A2F6B1ACAC31A0014D07C /* RAMTransitionItemAnimation.swift in Sources */,
				092582F91AC94A940026AECA /* Storyboard.xcdatamodeld in Sources */,
				090C4B2F1B1EB0A80038BB2A /* AlbumHelper.swift in Sources */,
				097C46AC1AD4D7E500AB77B2 /* NSLayoutConstraint+PureLayout.m in Sources */,
				092583311AC952C60026AECA /* HomeViewController.swift in Sources */,
				09F88C7C1AD61A510096DAA2 /* TQTwoSideProgressBar.swift in Sources */,
				096EB4491AD7BF42009E765C /* MovieRecorder.m in Sources */,
				091A2F681ACAC31A0014D07C /* RAMFrameItemAnimation.swift in Sources */,
				091A2F691ACAC31A0014D07C /* RAMFumeAnimation.swift in Sources */,
				097C46AA1AD4D7E500AB77B2 /* ALView+PureLayout.m in Sources */,
				091A2F551ACA8E930014D07C /* PRSlideViewPage.swift in Sources */,
				09552BDD1B1C5EB1006B685D /* AddNewAlbumViewModel.swift in Sources */,
				096EB4461AD7BF42009E765C /* RosyWriterOpenGLRenderer.m in Sources */,
				09552BD91B1C515D006B685D /* ReactiveCocoaBindings.swift in Sources */,
				09552BCB1B1C47C1006B685D /* AddNewAlbumViewController.swift in Sources */,
				091A2F6D1ACAC31A0014D07C /* RAMItemAnimationProtocol.swift in Sources */,
				096EB4481AD7BF42009E765C /* ShaderUtilities.c in Sources */,
			);
			runOnlyForDeploymentPostprocessing = 0;
		};
		092583041AC94A940026AECA /* Sources */ = {
			isa = PBXSourcesBuildPhase;
			buildActionMask = 2147483647;
			files = (
				0925830F1AC94A940026AECA /* StoryboardTests.swift in Sources */,
			);
			runOnlyForDeploymentPostprocessing = 0;
		};
		09552B891B1C389D006B685D /* Sources */ = {
			isa = PBXSourcesBuildPhase;
			buildActionMask = 2147483647;
			files = (
				09552B8A1B1C389D006B685D /* RAMBounceAnimation.swift in Sources */,
				09552B8B1B1C389D006B685D /* SmallVideoCaptureViewController.swift in Sources */,
				09552B8C1B1C389D006B685D /* RosyWriterCapturePipeline.m in Sources */,
				09D063271B1DAE76007146F6 /* Album.swift in Sources */,
				090C4B391B1ECE0D0038BB2A /* ASHCoreDataStack.m in Sources */,
				09D063291B1DAE76007146F6 /* Medium.swift in Sources */,
				09552B8D1B1C389D006B685D /* PRSlideView.swift in Sources */,
				09552B8E1B1C389D006B685D /* VideoViewController.swift in Sources */,
				09552B8F1B1C389D006B685D /* StoryViewController.swift in Sources */,
				09552B901B1C389D006B685D /* NSArray+PureLayout.m in Sources */,
				09552B911B1C389D006B685D /* ViewController.swift in Sources */,
				090C4B341B1ECA220038BB2A /* HomeViewModel.swift in Sources */,
				09552B921B1C389D006B685D /* AppDelegate.swift in Sources */,
				09552B931B1C389D006B685D /* GalleryViewController.swift in Sources */,
				09552B941B1C389D006B685D /* GalleryPage.swift in Sources */,
				09552B951B1C389D006B685D /* TinyVideoCaptureViewController.swift in Sources */,
				09552B961B1C389D006B685D /* RAMAnimatedTabBarController.swift in Sources */,
				09552B971B1C389D006B685D /* matrix.c in Sources */,
				09552B981B1C389D006B685D /* RAMRotationAnimation.swift in Sources */,
				09552B991B1C389D006B685D /* OpenGLPixelBufferView.m in Sources */,
				09552B9A1B1C389D006B685D /* TQViewTransition.swift in Sources */,
				09552B9B1B1C389D006B685D /* RAMTransitionItemAnimation.swift in Sources */,
				09552B9C1B1C389D006B685D /* Storyboard.xcdatamodeld in Sources */,
				090C4B301B1EB0A80038BB2A /* AlbumHelper.swift in Sources */,
				09552B9D1B1C389D006B685D /* NSLayoutConstraint+PureLayout.m in Sources */,
				09552B9E1B1C389D006B685D /* HomeViewController.swift in Sources */,
				09552B9F1B1C389D006B685D /* TQTwoSideProgressBar.swift in Sources */,
				09552BA01B1C389D006B685D /* MovieRecorder.m in Sources */,
				09552BA11B1C389D006B685D /* RAMFrameItemAnimation.swift in Sources */,
				09552BA21B1C389D006B685D /* RAMFumeAnimation.swift in Sources */,
				09552BA31B1C389D006B685D /* ALView+PureLayout.m in Sources */,
				09552BA41B1C389D006B685D /* PRSlideViewPage.swift in Sources */,
				09552BDE1B1C5EB1006B685D /* AddNewAlbumViewModel.swift in Sources */,
				09552BA51B1C389D006B685D /* RosyWriterOpenGLRenderer.m in Sources */,
				09552BDA1B1C515D006B685D /* ReactiveCocoaBindings.swift in Sources */,
				09552BCC1B1C47C1006B685D /* AddNewAlbumViewController.swift in Sources */,
				09552BA61B1C389D006B685D /* RAMItemAnimationProtocol.swift in Sources */,
				09552BA71B1C389D006B685D /* ShaderUtilities.c in Sources */,
			);
			runOnlyForDeploymentPostprocessing = 0;
		};
/* End PBXSourcesBuildPhase section */

/* Begin PBXTargetDependency section */
		0925830A1AC94A940026AECA /* PBXTargetDependency */ = {
			isa = PBXTargetDependency;
			target = 092582EF1AC94A940026AECA /* Storyboard */;
			targetProxy = 092583091AC94A940026AECA /* PBXContainerItemProxy */;
		};
/* End PBXTargetDependency section */

/* Begin PBXVariantGroup section */
		092582FC1AC94A940026AECA /* Main.storyboard */ = {
			isa = PBXVariantGroup;
			children = (
				092582FD1AC94A940026AECA /* Base */,
			);
			name = Main.storyboard;
			sourceTree = "<group>";
		};
		092583011AC94A940026AECA /* LaunchScreen.xib */ = {
			isa = PBXVariantGroup;
			children = (
				092583021AC94A940026AECA /* Base */,
			);
			name = LaunchScreen.xib;
			sourceTree = "<group>";
		};
/* End PBXVariantGroup section */

/* Begin XCBuildConfiguration section */
		092583101AC94A940026AECA /* Debug */ = {
			isa = XCBuildConfiguration;
			buildSettings = {
				ALWAYS_SEARCH_USER_PATHS = NO;
				CLANG_CXX_LANGUAGE_STANDARD = "gnu++0x";
				CLANG_CXX_LIBRARY = "libc++";
				CLANG_ENABLE_MODULES = YES;
				CLANG_ENABLE_OBJC_ARC = YES;
				CLANG_WARN_BOOL_CONVERSION = YES;
				CLANG_WARN_CONSTANT_CONVERSION = YES;
				CLANG_WARN_DIRECT_OBJC_ISA_USAGE = YES_ERROR;
				CLANG_WARN_EMPTY_BODY = YES;
				CLANG_WARN_ENUM_CONVERSION = YES;
				CLANG_WARN_INT_CONVERSION = YES;
				CLANG_WARN_OBJC_ROOT_CLASS = YES_ERROR;
				CLANG_WARN_UNREACHABLE_CODE = YES;
				CLANG_WARN__DUPLICATE_METHOD_MATCH = YES;
				"CODE_SIGN_IDENTITY[sdk=iphoneos*]" = "iPhone Developer";
				COPY_PHASE_STRIP = NO;
				ENABLE_STRICT_OBJC_MSGSEND = YES;
				GCC_C_LANGUAGE_STANDARD = gnu99;
				GCC_DYNAMIC_NO_PIC = NO;
				GCC_OPTIMIZATION_LEVEL = 0;
				GCC_PREPROCESSOR_DEFINITIONS = (
					"DEBUG=1",
					"$(inherited)",
				);
				GCC_SYMBOLS_PRIVATE_EXTERN = NO;
				GCC_WARN_64_TO_32_BIT_CONVERSION = YES;
				GCC_WARN_ABOUT_RETURN_TYPE = YES_ERROR;
				GCC_WARN_UNDECLARED_SELECTOR = YES;
				GCC_WARN_UNINITIALIZED_AUTOS = YES_AGGRESSIVE;
				GCC_WARN_UNUSED_FUNCTION = YES;
				GCC_WARN_UNUSED_VARIABLE = YES;
				IPHONEOS_DEPLOYMENT_TARGET = 8.2;
				MTL_ENABLE_DEBUG_INFO = YES;
				ONLY_ACTIVE_ARCH = YES;
				SDKROOT = iphoneos;
				SWIFT_OPTIMIZATION_LEVEL = "-Onone";
				TARGETED_DEVICE_FAMILY = "1,2";
			};
			name = Debug;
		};
		092583111AC94A940026AECA /* Release */ = {
			isa = XCBuildConfiguration;
			buildSettings = {
				ALWAYS_SEARCH_USER_PATHS = NO;
				CLANG_CXX_LANGUAGE_STANDARD = "gnu++0x";
				CLANG_CXX_LIBRARY = "libc++";
				CLANG_ENABLE_MODULES = YES;
				CLANG_ENABLE_OBJC_ARC = YES;
				CLANG_WARN_BOOL_CONVERSION = YES;
				CLANG_WARN_CONSTANT_CONVERSION = YES;
				CLANG_WARN_DIRECT_OBJC_ISA_USAGE = YES_ERROR;
				CLANG_WARN_EMPTY_BODY = YES;
				CLANG_WARN_ENUM_CONVERSION = YES;
				CLANG_WARN_INT_CONVERSION = YES;
				CLANG_WARN_OBJC_ROOT_CLASS = YES_ERROR;
				CLANG_WARN_UNREACHABLE_CODE = YES;
				CLANG_WARN__DUPLICATE_METHOD_MATCH = YES;
				"CODE_SIGN_IDENTITY[sdk=iphoneos*]" = "iPhone Developer";
				COPY_PHASE_STRIP = NO;
				ENABLE_NS_ASSERTIONS = NO;
				ENABLE_STRICT_OBJC_MSGSEND = YES;
				GCC_C_LANGUAGE_STANDARD = gnu99;
				GCC_WARN_64_TO_32_BIT_CONVERSION = YES;
				GCC_WARN_ABOUT_RETURN_TYPE = YES_ERROR;
				GCC_WARN_UNDECLARED_SELECTOR = YES;
				GCC_WARN_UNINITIALIZED_AUTOS = YES_AGGRESSIVE;
				GCC_WARN_UNUSED_FUNCTION = YES;
				GCC_WARN_UNUSED_VARIABLE = YES;
				IPHONEOS_DEPLOYMENT_TARGET = 8.2;
				MTL_ENABLE_DEBUG_INFO = NO;
				SDKROOT = iphoneos;
				TARGETED_DEVICE_FAMILY = "1,2";
				VALIDATE_PRODUCT = YES;
			};
			name = Release;
		};
		092583131AC94A940026AECA /* Debug */ = {
			isa = XCBuildConfiguration;
			baseConfigurationReference = 09D063221B1D969B007146F6 /* Pods-Storyboard.debug.xcconfig */;
			buildSettings = {
				ASSETCATALOG_COMPILER_APPICON_NAME = AppIcon;
				INFOPLIST_FILE = Storyboard/Info.plist;
				IPHONEOS_DEPLOYMENT_TARGET = 7.0;
				LD_RUNPATH_SEARCH_PATHS = "$(inherited) @executable_path/Frameworks";
				OTHER_CFLAGS = (
					"$(inherited)",
					"-DUSE_OPENGL_RENDERER=1",
				);
				OTHER_LDFLAGS = "$(inherited)";
				PRODUCT_NAME = "$(TARGET_NAME)";
				SWIFT_OBJC_BRIDGING_HEADER = Storyboard/Main/SwfitOCBridge.h;
			};
			name = Debug;
		};
		092583141AC94A940026AECA /* Release */ = {
			isa = XCBuildConfiguration;
			baseConfigurationReference = 09D063231B1D969B007146F6 /* Pods-Storyboard.release.xcconfig */;
			buildSettings = {
				ASSETCATALOG_COMPILER_APPICON_NAME = AppIcon;
				INFOPLIST_FILE = Storyboard/Info.plist;
				IPHONEOS_DEPLOYMENT_TARGET = 7.0;
				LD_RUNPATH_SEARCH_PATHS = "$(inherited) @executable_path/Frameworks";
				OTHER_CFLAGS = (
					"$(inherited)",
					"-DUSE_OPENGL_RENDERER=1",
				);
				OTHER_LDFLAGS = "$(inherited)";
				PRODUCT_NAME = "$(TARGET_NAME)";
				SWIFT_OBJC_BRIDGING_HEADER = Storyboard/Main/SwfitOCBridge.h;
			};
			name = Release;
		};
		092583161AC94A940026AECA /* Debug */ = {
			isa = XCBuildConfiguration;
			buildSettings = {
				BUNDLE_LOADER = "$(TEST_HOST)";
				FRAMEWORK_SEARCH_PATHS = (
					"$(SDKROOT)/Developer/Library/Frameworks",
					"$(inherited)",
				);
				GCC_PREPROCESSOR_DEFINITIONS = (
					"DEBUG=1",
					"$(inherited)",
				);
				INFOPLIST_FILE = StoryboardTests/Info.plist;
				LD_RUNPATH_SEARCH_PATHS = "$(inherited) @executable_path/Frameworks @loader_path/Frameworks";
				PRODUCT_NAME = "$(TARGET_NAME)";
				TEST_HOST = "$(BUILT_PRODUCTS_DIR)/Storyboard.app/Storyboard";
			};
			name = Debug;
		};
		092583171AC94A940026AECA /* Release */ = {
			isa = XCBuildConfiguration;
			buildSettings = {
				BUNDLE_LOADER = "$(TEST_HOST)";
				FRAMEWORK_SEARCH_PATHS = (
					"$(SDKROOT)/Developer/Library/Frameworks",
					"$(inherited)",
				);
				INFOPLIST_FILE = StoryboardTests/Info.plist;
				LD_RUNPATH_SEARCH_PATHS = "$(inherited) @executable_path/Frameworks @loader_path/Frameworks";
				PRODUCT_NAME = "$(TARGET_NAME)";
				TEST_HOST = "$(BUILT_PRODUCTS_DIR)/Storyboard.app/Storyboard";
			};
			name = Release;
		};
		09552BBC1B1C389D006B685D /* Debug */ = {
			isa = XCBuildConfiguration;
			baseConfigurationReference = 2865C34708B9039F880EE694 /* Pods-Storyboard For Reveal.debug.xcconfig */;
			buildSettings = {
				ASSETCATALOG_COMPILER_APPICON_NAME = AppIcon;
				"CODE_SIGN_IDENTITY[sdk=iphoneos*]" = "iPhone Developer: Luyang Huang (J98PX48X66)";
				GCC_PREPROCESSOR_DEFINITIONS = (
					"DEBUG=1",
					"$(inherited)",
					ForReveal,
				);
				HEADER_SEARCH_PATHS = (
					"$(inherited)",
					/Applications/Xcode.app/Contents/Developer/Toolchains/XcodeDefault.xctoolchain/usr/include,
				);
				INFOPLIST_FILE = StoryboardForReveal/StoryboardForReveal.plist;
				IPHONEOS_DEPLOYMENT_TARGET = 7.0;
				LD_RUNPATH_SEARCH_PATHS = "$(inherited) @executable_path/Frameworks";
				LIBRARY_SEARCH_PATHS = (
					"$(inherited)",
					"$(PROJECT_DIR)/Dylibs",
				);
				OTHER_CFLAGS = (
					"$(inherited)",
					"-DUSE_OPENGL_RENDERER=1",
				);
				OTHER_CPLUSPLUSFLAGS = "$(OTHER_CFLAGS)";
				OTHER_LDFLAGS = "$(inherited)";
				OTHER_LIBTOOLFLAGS = "$(inherited)";
				OTHER_SWIFT_FLAGS = "-D FOR_REVEAL";
				PRODUCT_NAME = StoryboardForReveal;
				PROVISIONING_PROFILE = "358eefad-a666-4a7f-bc01-b58b121b4b5b";
				SWIFT_OBJC_BRIDGING_HEADER = Storyboard/Main/SwfitOCBridge.h;
			};
			name = Debug;
		};
		09552BBD1B1C389D006B685D /* Release */ = {
			isa = XCBuildConfiguration;
			baseConfigurationReference = C96CA1D32242F83344ABF97C /* Pods-Storyboard For Reveal.release.xcconfig */;
			buildSettings = {
				ASSETCATALOG_COMPILER_APPICON_NAME = AppIcon;
				"CODE_SIGN_IDENTITY[sdk=iphoneos*]" = "iPhone Developer: Luyang Huang (J98PX48X66)";
				HEADER_SEARCH_PATHS = (
					"$(inherited)",
					/Applications/Xcode.app/Contents/Developer/Toolchains/XcodeDefault.xctoolchain/usr/include,
				);
				INFOPLIST_FILE = StoryboardForReveal/StoryboardForReveal.plist;
				IPHONEOS_DEPLOYMENT_TARGET = 7.0;
				LD_RUNPATH_SEARCH_PATHS = "$(inherited) @executable_path/Frameworks";
				LIBRARY_SEARCH_PATHS = (
					"$(inherited)",
					"$(PROJECT_DIR)/Dylibs",
				);
				OTHER_CFLAGS = (
					"$(inherited)",
					"-DUSE_OPENGL_RENDERER=1",
				);
				OTHER_CPLUSPLUSFLAGS = "$(OTHER_CFLAGS)";
				OTHER_LDFLAGS = "$(inherited)";
				OTHER_LIBTOOLFLAGS = "$(inherited)";
				OTHER_SWIFT_FLAGS = "-D FOR_REVEAL";
				PRODUCT_NAME = StoryboardForReveal;
				PROVISIONING_PROFILE = "358eefad-a666-4a7f-bc01-b58b121b4b5b";
				SWIFT_OBJC_BRIDGING_HEADER = Storyboard/Main/SwfitOCBridge.h;
			};
			name = Release;
		};
/* End XCBuildConfiguration section */

/* Begin XCConfigurationList section */
		092582EB1AC94A940026AECA /* Build configuration list for PBXProject "Storyboard" */ = {
			isa = XCConfigurationList;
			buildConfigurations = (
				092583101AC94A940026AECA /* Debug */,
				092583111AC94A940026AECA /* Release */,
			);
			defaultConfigurationIsVisible = 0;
			defaultConfigurationName = Release;
		};
		092583121AC94A940026AECA /* Build configuration list for PBXNativeTarget "Storyboard" */ = {
			isa = XCConfigurationList;
			buildConfigurations = (
				092583131AC94A940026AECA /* Debug */,
				092583141AC94A940026AECA /* Release */,
			);
			defaultConfigurationIsVisible = 0;
			defaultConfigurationName = Release;
		};
		092583151AC94A940026AECA /* Build configuration list for PBXNativeTarget "StoryboardTests" */ = {
			isa = XCConfigurationList;
			buildConfigurations = (
				092583161AC94A940026AECA /* Debug */,
				092583171AC94A940026AECA /* Release */,
			);
			defaultConfigurationIsVisible = 0;
			defaultConfigurationName = Release;
		};
		09552BBB1B1C389D006B685D /* Build configuration list for PBXNativeTarget "Storyboard For Reveal" */ = {
			isa = XCConfigurationList;
			buildConfigurations = (
				09552BBC1B1C389D006B685D /* Debug */,
				09552BBD1B1C389D006B685D /* Release */,
			);
			defaultConfigurationIsVisible = 0;
			defaultConfigurationName = Release;
		};
/* End XCConfigurationList section */

/* Begin XCVersionGroup section */
		092582F71AC94A940026AECA /* Storyboard.xcdatamodeld */ = {
			isa = XCVersionGroup;
			children = (
				092582F81AC94A940026AECA /* Storyboard.xcdatamodel */,
			);
			currentVersion = 092582F81AC94A940026AECA /* Storyboard.xcdatamodel */;
			path = Storyboard.xcdatamodeld;
			sourceTree = "<group>";
			versionGroupType = wrapper.xcdatamodel;
		};
/* End XCVersionGroup section */
	};
	rootObject = 092582E81AC94A940026AECA /* Project object */;
}
