// !$*UTF8*$!
{
	archiveVersion = 1;
	classes = {
	};
	objectVersion = 46;
	objects = {

/* Begin PBXBuildFile section */
		06092BE31ACADD0100FF320C /* GalleryViewController.swift in Sources */ = {isa = PBXBuildFile; fileRef = 06092BE11ACADD0100FF320C /* GalleryViewController.swift */; };
		06092BE41ACADD0100FF320C /* GalleryViewController.xib in Resources */ = {isa = PBXBuildFile; fileRef = 06092BE21ACADD0100FF320C /* GalleryViewController.xib */; };
		06092BE61ACAFD1300FF320C /* GalleryPage.swift in Sources */ = {isa = PBXBuildFile; fileRef = 06092BE51ACAFD1300FF320C /* GalleryPage.swift */; };
		090813511AC96540006C19FA /* pl3.jpg in Resources */ = {isa = PBXBuildFile; fileRef = 0908134F1AC96540006C19FA /* pl3.jpg */; };
		090813521AC96540006C19FA /* pl4.jpg in Resources */ = {isa = PBXBuildFile; fileRef = 090813501AC96540006C19FA /* pl4.jpg */; };
		090813551AC96C07006C19FA /* StoryViewController.swift in Sources */ = {isa = PBXBuildFile; fileRef = 090813541AC96C07006C19FA /* StoryViewController.swift */; };
		091A2F541ACA8E930014D07C /* PRSlideView.swift in Sources */ = {isa = PBXBuildFile; fileRef = 091A2F521ACA8E930014D07C /* PRSlideView.swift */; };
		091A2F551ACA8E930014D07C /* PRSlideViewPage.swift in Sources */ = {isa = PBXBuildFile; fileRef = 091A2F531ACA8E930014D07C /* PRSlideViewPage.swift */; };
		091A2F581ACA9F610014D07C /* TQViewTransition.swift in Sources */ = {isa = PBXBuildFile; fileRef = 091A2F571ACA9F610014D07C /* TQViewTransition.swift */; };
		091A2F671ACAC31A0014D07C /* RAMBounceAnimation.swift in Sources */ = {isa = PBXBuildFile; fileRef = 091A2F5C1ACAC31A0014D07C /* RAMBounceAnimation.swift */; };
		091A2F681ACAC31A0014D07C /* RAMFrameItemAnimation.swift in Sources */ = {isa = PBXBuildFile; fileRef = 091A2F5E1ACAC31A0014D07C /* RAMFrameItemAnimation.swift */; };
		091A2F691ACAC31A0014D07C /* RAMFumeAnimation.swift in Sources */ = {isa = PBXBuildFile; fileRef = 091A2F601ACAC31A0014D07C /* RAMFumeAnimation.swift */; };
		091A2F6A1ACAC31A0014D07C /* RAMRotationAnimation.swift in Sources */ = {isa = PBXBuildFile; fileRef = 091A2F621ACAC31A0014D07C /* RAMRotationAnimation.swift */; };
		091A2F6B1ACAC31A0014D07C /* RAMTransitionItemAnimation.swift in Sources */ = {isa = PBXBuildFile; fileRef = 091A2F641ACAC31A0014D07C /* RAMTransitionItemAnimation.swift */; };
		091A2F6C1ACAC31A0014D07C /* RAMAnimatedTabBarController.swift in Sources */ = {isa = PBXBuildFile; fileRef = 091A2F651ACAC31A0014D07C /* RAMAnimatedTabBarController.swift */; };
		091A2F6D1ACAC31A0014D07C /* RAMItemAnimationProtocol.swift in Sources */ = {isa = PBXBuildFile; fileRef = 091A2F661ACAC31A0014D07C /* RAMItemAnimationProtocol.swift */; };
		092582F91AC94A940026AECA /* Storyboard.xcdatamodeld in Sources */ = {isa = PBXBuildFile; fileRef = 092582F71AC94A940026AECA /* Storyboard.xcdatamodeld */; };
		092582FE1AC94A940026AECA /* Main.storyboard in Resources */ = {isa = PBXBuildFile; fileRef = 092582FC1AC94A940026AECA /* Main.storyboard */; };
		092583001AC94A940026AECA /* Images.xcassets in Resources */ = {isa = PBXBuildFile; fileRef = 092582FF1AC94A940026AECA /* Images.xcassets */; };
		092583031AC94A940026AECA /* LaunchScreen.xib in Resources */ = {isa = PBXBuildFile; fileRef = 092583011AC94A940026AECA /* LaunchScreen.xib */; };
		0925830F1AC94A940026AECA /* StoryboardTests.swift in Sources */ = {isa = PBXBuildFile; fileRef = 0925830E1AC94A940026AECA /* StoryboardTests.swift */; };
		0925831F1AC94D170026AECA /* AppDelegate.swift in Sources */ = {isa = PBXBuildFile; fileRef = 0925831D1AC94D170026AECA /* AppDelegate.swift */; };
		092583221AC94D260026AECA /* ViewController.swift in Sources */ = {isa = PBXBuildFile; fileRef = 092583211AC94D260026AECA /* ViewController.swift */; };
		0925832A1AC9522B0026AECA /* pl1.jpg in Resources */ = {isa = PBXBuildFile; fileRef = 092583251AC9522B0026AECA /* pl1.jpg */; };
		0925832B1AC9522B0026AECA /* pl2.jpg in Resources */ = {isa = PBXBuildFile; fileRef = 092583261AC9522B0026AECA /* pl2.jpg */; };
		0925832E1AC9522B0026AECA /* pl5.jpg in Resources */ = {isa = PBXBuildFile; fileRef = 092583291AC9522B0026AECA /* pl5.jpg */; };
		092583311AC952C60026AECA /* HomeViewController.swift in Sources */ = {isa = PBXBuildFile; fileRef = 092583301AC952C60026AECA /* HomeViewController.swift */; };
		097C46961AD4BE4C00AB77B2 /* VideoViewController.swift in Sources */ = {isa = PBXBuildFile; fileRef = 097C46951AD4BE4C00AB77B2 /* VideoViewController.swift */; };
		097C469C1AD4CF9A00AB77B2 /* 10411608041575417ed67610.jpg in Resources */ = {isa = PBXBuildFile; fileRef = 097C46981AD4CF9A00AB77B2 /* 10411608041575417ed67610.jpg */; };
		097C469D1AD4CF9A00AB77B2 /* 10411608041575417ed67610.mp4 in Resources */ = {isa = PBXBuildFile; fileRef = 097C46991AD4CF9A00AB77B2 /* 10411608041575417ed67610.mp4 */; };
		097C469E1AD4CF9A00AB77B2 /* 10465908041575417ed94771.jpg in Resources */ = {isa = PBXBuildFile; fileRef = 097C469A1AD4CF9A00AB77B2 /* 10465908041575417ed94771.jpg */; };
		097C469F1AD4CF9A00AB77B2 /* 10465908041575417ed94771.mp4 in Resources */ = {isa = PBXBuildFile; fileRef = 097C469B1AD4CF9A00AB77B2 /* 10465908041575417ed94771.mp4 */; };
		097C46AA1AD4D7E500AB77B2 /* ALView+PureLayout.m in Sources */ = {isa = PBXBuildFile; fileRef = 097C46A21AD4D7E500AB77B2 /* ALView+PureLayout.m */; };
		097C46AB1AD4D7E500AB77B2 /* NSArray+PureLayout.m in Sources */ = {isa = PBXBuildFile; fileRef = 097C46A41AD4D7E500AB77B2 /* NSArray+PureLayout.m */; };
		097C46AC1AD4D7E500AB77B2 /* NSLayoutConstraint+PureLayout.m in Sources */ = {isa = PBXBuildFile; fileRef = 097C46A61AD4D7E500AB77B2 /* NSLayoutConstraint+PureLayout.m */; };
		09C115651ACA5D6B002E40FF /* pl_wuhan.jpg in Resources */ = {isa = PBXBuildFile; fileRef = 09C115641ACA5D6B002E40FF /* pl_wuhan.jpg */; };
		09F88C771AD611A50096DAA2 /* SmallVideoCaptureViewController.swift in Sources */ = {isa = PBXBuildFile; fileRef = 09F88C751AD611A50096DAA2 /* SmallVideoCaptureViewController.swift */; };
		09F88C781AD611A50096DAA2 /* SmallVideoCaptureViewController.xib in Resources */ = {isa = PBXBuildFile; fileRef = 09F88C761AD611A50096DAA2 /* SmallVideoCaptureViewController.xib */; };
		09F88C7C1AD61A510096DAA2 /* TQTwoSideProgressBar.swift in Sources */ = {isa = PBXBuildFile; fileRef = 09F88C7B1AD61A510096DAA2 /* TQTwoSideProgressBar.swift */; };
/* End PBXBuildFile section */

/* Begin PBXContainerItemProxy section */
		092583091AC94A940026AECA /* PBXContainerItemProxy */ = {
			isa = PBXContainerItemProxy;
			containerPortal = 092582E81AC94A940026AECA /* Project object */;
			proxyType = 1;
			remoteGlobalIDString = 092582EF1AC94A940026AECA;
			remoteInfo = Storyboard;
		};
/* End PBXContainerItemProxy section */

/* Begin PBXFileReference section */
		06092BE11ACADD0100FF320C /* GalleryViewController.swift */ = {isa = PBXFileReference; fileEncoding = 4; lastKnownFileType = sourcecode.swift; path = GalleryViewController.swift; sourceTree = "<group>"; };
		06092BE21ACADD0100FF320C /* GalleryViewController.xib */ = {isa = PBXFileReference; fileEncoding = 4; lastKnownFileType = file.xib; path = GalleryViewController.xib; sourceTree = "<group>"; };
		06092BE51ACAFD1300FF320C /* GalleryPage.swift */ = {isa = PBXFileReference; fileEncoding = 4; lastKnownFileType = sourcecode.swift; path = GalleryPage.swift; sourceTree = "<group>"; };
		0908134F1AC96540006C19FA /* pl3.jpg */ = {isa = PBXFileReference; lastKnownFileType = image.jpeg; path = pl3.jpg; sourceTree = "<group>"; };
		090813501AC96540006C19FA /* pl4.jpg */ = {isa = PBXFileReference; lastKnownFileType = image.jpeg; path = pl4.jpg; sourceTree = "<group>"; };
		090813541AC96C07006C19FA /* StoryViewController.swift */ = {isa = PBXFileReference; fileEncoding = 4; lastKnownFileType = sourcecode.swift; path = StoryViewController.swift; sourceTree = "<group>"; };
		091A2F521ACA8E930014D07C /* PRSlideView.swift */ = {isa = PBXFileReference; fileEncoding = 4; lastKnownFileType = sourcecode.swift; path = PRSlideView.swift; sourceTree = "<group>"; };
		091A2F531ACA8E930014D07C /* PRSlideViewPage.swift */ = {isa = PBXFileReference; fileEncoding = 4; lastKnownFileType = sourcecode.swift; path = PRSlideViewPage.swift; sourceTree = "<group>"; };
		091A2F571ACA9F610014D07C /* TQViewTransition.swift */ = {isa = PBXFileReference; fileEncoding = 4; lastKnownFileType = sourcecode.swift; path = TQViewTransition.swift; sourceTree = "<group>"; };
		091A2F5C1ACAC31A0014D07C /* RAMBounceAnimation.swift */ = {isa = PBXFileReference; fileEncoding = 4; lastKnownFileType = sourcecode.swift; path = RAMBounceAnimation.swift; sourceTree = "<group>"; };
		091A2F5E1ACAC31A0014D07C /* RAMFrameItemAnimation.swift */ = {isa = PBXFileReference; fileEncoding = 4; lastKnownFileType = sourcecode.swift; path = RAMFrameItemAnimation.swift; sourceTree = "<group>"; };
		091A2F601ACAC31A0014D07C /* RAMFumeAnimation.swift */ = {isa = PBXFileReference; fileEncoding = 4; lastKnownFileType = sourcecode.swift; path = RAMFumeAnimation.swift; sourceTree = "<group>"; };
		091A2F621ACAC31A0014D07C /* RAMRotationAnimation.swift */ = {isa = PBXFileReference; fileEncoding = 4; lastKnownFileType = sourcecode.swift; path = RAMRotationAnimation.swift; sourceTree = "<group>"; };
		091A2F641ACAC31A0014D07C /* RAMTransitionItemAnimation.swift */ = {isa = PBXFileReference; fileEncoding = 4; lastKnownFileType = sourcecode.swift; path = RAMTransitionItemAnimation.swift; sourceTree = "<group>"; };
		091A2F651ACAC31A0014D07C /* RAMAnimatedTabBarController.swift */ = {isa = PBXFileReference; fileEncoding = 4; lastKnownFileType = sourcecode.swift; path = RAMAnimatedTabBarController.swift; sourceTree = "<group>"; };
		091A2F661ACAC31A0014D07C /* RAMItemAnimationProtocol.swift */ = {isa = PBXFileReference; fileEncoding = 4; lastKnownFileType = sourcecode.swift; path = RAMItemAnimationProtocol.swift; sourceTree = "<group>"; };
		092582F01AC94A940026AECA /* Storyboard.app */ = {isa = PBXFileReference; explicitFileType = wrapper.application; includeInIndex = 0; path = Storyboard.app; sourceTree = BUILT_PRODUCTS_DIR; };
		092582F41AC94A940026AECA /* Info.plist */ = {isa = PBXFileReference; lastKnownFileType = text.plist.xml; path = Info.plist; sourceTree = "<group>"; };
		092582F81AC94A940026AECA /* Storyboard.xcdatamodel */ = {isa = PBXFileReference; lastKnownFileType = wrapper.xcdatamodel; path = Storyboard.xcdatamodel; sourceTree = "<group>"; };
		092582FD1AC94A940026AECA /* Base */ = {isa = PBXFileReference; lastKnownFileType = file.storyboard; name = Base; path = Base.lproj/Main.storyboard; sourceTree = "<group>"; };
		092582FF1AC94A940026AECA /* Images.xcassets */ = {isa = PBXFileReference; lastKnownFileType = folder.assetcatalog; path = Images.xcassets; sourceTree = "<group>"; };
		092583021AC94A940026AECA /* Base */ = {isa = PBXFileReference; lastKnownFileType = file.xib; name = Base; path = Base.lproj/LaunchScreen.xib; sourceTree = "<group>"; };
		092583081AC94A940026AECA /* StoryboardTests.xctest */ = {isa = PBXFileReference; explicitFileType = wrapper.cfbundle; includeInIndex = 0; path = StoryboardTests.xctest; sourceTree = BUILT_PRODUCTS_DIR; };
		0925830D1AC94A940026AECA /* Info.plist */ = {isa = PBXFileReference; lastKnownFileType = text.plist.xml; path = Info.plist; sourceTree = "<group>"; };
		0925830E1AC94A940026AECA /* StoryboardTests.swift */ = {isa = PBXFileReference; lastKnownFileType = sourcecode.swift; path = StoryboardTests.swift; sourceTree = "<group>"; };
		0925831D1AC94D170026AECA /* AppDelegate.swift */ = {isa = PBXFileReference; fileEncoding = 4; lastKnownFileType = sourcecode.swift; path = AppDelegate.swift; sourceTree = "<group>"; };
		092583211AC94D260026AECA /* ViewController.swift */ = {isa = PBXFileReference; fileEncoding = 4; lastKnownFileType = sourcecode.swift; path = ViewController.swift; sourceTree = "<group>"; };
		092583251AC9522B0026AECA /* pl1.jpg */ = {isa = PBXFileReference; lastKnownFileType = image.jpeg; path = pl1.jpg; sourceTree = "<group>"; };
		092583261AC9522B0026AECA /* pl2.jpg */ = {isa = PBXFileReference; lastKnownFileType = image.jpeg; path = pl2.jpg; sourceTree = "<group>"; };
		092583291AC9522B0026AECA /* pl5.jpg */ = {isa = PBXFileReference; lastKnownFileType = image.jpeg; path = pl5.jpg; sourceTree = "<group>"; };
		092583301AC952C60026AECA /* HomeViewController.swift */ = {isa = PBXFileReference; fileEncoding = 4; lastKnownFileType = sourcecode.swift; path = HomeViewController.swift; sourceTree = "<group>"; };
		097C46951AD4BE4C00AB77B2 /* VideoViewController.swift */ = {isa = PBXFileReference; fileEncoding = 4; lastKnownFileType = sourcecode.swift; path = VideoViewController.swift; sourceTree = "<group>"; };
		097C46981AD4CF9A00AB77B2 /* 10411608041575417ed67610.jpg */ = {isa = PBXFileReference; lastKnownFileType = image.jpeg; path = 10411608041575417ed67610.jpg; sourceTree = "<group>"; };
		097C46991AD4CF9A00AB77B2 /* 10411608041575417ed67610.mp4 */ = {isa = PBXFileReference; lastKnownFileType = file; path = 10411608041575417ed67610.mp4; sourceTree = "<group>"; };
		097C469A1AD4CF9A00AB77B2 /* 10465908041575417ed94771.jpg */ = {isa = PBXFileReference; lastKnownFileType = image.jpeg; path = 10465908041575417ed94771.jpg; sourceTree = "<group>"; };
		097C469B1AD4CF9A00AB77B2 /* 10465908041575417ed94771.mp4 */ = {isa = PBXFileReference; lastKnownFileType = file; path = 10465908041575417ed94771.mp4; sourceTree = "<group>"; };
		097C46A11AD4D7E500AB77B2 /* ALView+PureLayout.h */ = {isa = PBXFileReference; fileEncoding = 4; lastKnownFileType = sourcecode.c.h; path = "ALView+PureLayout.h"; sourceTree = "<group>"; };
		097C46A21AD4D7E500AB77B2 /* ALView+PureLayout.m */ = {isa = PBXFileReference; fileEncoding = 4; lastKnownFileType = sourcecode.c.objc; path = "ALView+PureLayout.m"; sourceTree = "<group>"; };
		097C46A31AD4D7E500AB77B2 /* NSArray+PureLayout.h */ = {isa = PBXFileReference; fileEncoding = 4; lastKnownFileType = sourcecode.c.h; path = "NSArray+PureLayout.h"; sourceTree = "<group>"; };
		097C46A41AD4D7E500AB77B2 /* NSArray+PureLayout.m */ = {isa = PBXFileReference; fileEncoding = 4; lastKnownFileType = sourcecode.c.objc; path = "NSArray+PureLayout.m"; sourceTree = "<group>"; };
		097C46A51AD4D7E500AB77B2 /* NSLayoutConstraint+PureLayout.h */ = {isa = PBXFileReference; fileEncoding = 4; lastKnownFileType = sourcecode.c.h; path = "NSLayoutConstraint+PureLayout.h"; sourceTree = "<group>"; };
		097C46A61AD4D7E500AB77B2 /* NSLayoutConstraint+PureLayout.m */ = {isa = PBXFileReference; fileEncoding = 4; lastKnownFileType = sourcecode.c.objc; path = "NSLayoutConstraint+PureLayout.m"; sourceTree = "<group>"; };
		097C46A71AD4D7E500AB77B2 /* PureLayout+Internal.h */ = {isa = PBXFileReference; fileEncoding = 4; lastKnownFileType = sourcecode.c.h; path = "PureLayout+Internal.h"; sourceTree = "<group>"; };
		097C46A81AD4D7E500AB77B2 /* PureLayout.h */ = {isa = PBXFileReference; fileEncoding = 4; lastKnownFileType = sourcecode.c.h; path = PureLayout.h; sourceTree = "<group>"; };
		097C46A91AD4D7E500AB77B2 /* PureLayoutDefines.h */ = {isa = PBXFileReference; fileEncoding = 4; lastKnownFileType = sourcecode.c.h; path = PureLayoutDefines.h; sourceTree = "<group>"; };
		097C46B01AD4D85700AB77B2 /* SwfitOCBridge.h */ = {isa = PBXFileReference; fileEncoding = 4; lastKnownFileType = sourcecode.c.h; path = SwfitOCBridge.h; sourceTree = "<group>"; };
		09C115641ACA5D6B002E40FF /* pl_wuhan.jpg */ = {isa = PBXFileReference; lastKnownFileType = image.jpeg; path = pl_wuhan.jpg; sourceTree = "<group>"; };
		09F88C751AD611A50096DAA2 /* SmallVideoCaptureViewController.swift */ = {isa = PBXFileReference; fileEncoding = 4; lastKnownFileType = sourcecode.swift; path = SmallVideoCaptureViewController.swift; sourceTree = "<group>"; };
		09F88C761AD611A50096DAA2 /* SmallVideoCaptureViewController.xib */ = {isa = PBXFileReference; fileEncoding = 4; lastKnownFileType = file.xib; path = SmallVideoCaptureViewController.xib; sourceTree = "<group>"; };
		09F88C7B1AD61A510096DAA2 /* TQTwoSideProgressBar.swift */ = {isa = PBXFileReference; fileEncoding = 4; lastKnownFileType = sourcecode.swift; path = TQTwoSideProgressBar.swift; sourceTree = "<group>"; };
/* End PBXFileReference section */

/* Begin PBXFrameworksBuildPhase section */
		092582ED1AC94A940026AECA /* Frameworks */ = {
			isa = PBXFrameworksBuildPhase;
			buildActionMask = 2147483647;
			files = (
			);
			runOnlyForDeploymentPostprocessing = 0;
		};
		092583051AC94A940026AECA /* Frameworks */ = {
			isa = PBXFrameworksBuildPhase;
			buildActionMask = 2147483647;
			files = (
			);
			runOnlyForDeploymentPostprocessing = 0;
		};
/* End PBXFrameworksBuildPhase section */

/* Begin PBXGroup section */
		06092BE01ACADCCC00FF320C /* Gallery */ = {
			isa = PBXGroup;
			children = (
				06092BE11ACADD0100FF320C /* GalleryViewController.swift */,
				06092BE21ACADD0100FF320C /* GalleryViewController.xib */,
				06092BE51ACAFD1300FF320C /* GalleryPage.swift */,
			);
			path = Gallery;
			sourceTree = "<group>";
		};
		090813531AC96BFD006C19FA /* Story */ = {
			isa = PBXGroup;
			children = (
				090813541AC96C07006C19FA /* StoryViewController.swift */,
			);
			path = Story;
			sourceTree = "<group>";
		};
		091A2F501ACA8E930014D07C /* Venders */ = {
			isa = PBXGroup;
			children = (
				097C46A01AD4D7E500AB77B2 /* PureLayout */,
				091A2F511ACA8E930014D07C /* PRSlideView */,
				091A2F591ACAC31A0014D07C /* RAMAnimatedTabBarController */,
				091A2F561ACA9F4F0014D07C /* TQViewTransition */,
			);
			path = Venders;
			sourceTree = "<group>";
		};
		091A2F511ACA8E930014D07C /* PRSlideView */ = {
			isa = PBXGroup;
			children = (
				091A2F521ACA8E930014D07C /* PRSlideView.swift */,
				091A2F531ACA8E930014D07C /* PRSlideViewPage.swift */,
			);
			path = PRSlideView;
			sourceTree = "<group>";
		};
		091A2F561ACA9F4F0014D07C /* TQViewTransition */ = {
			isa = PBXGroup;
			children = (
				091A2F571ACA9F610014D07C /* TQViewTransition.swift */,
			);
			path = TQViewTransition;
			sourceTree = "<group>";
		};
		091A2F591ACAC31A0014D07C /* RAMAnimatedTabBarController */ = {
			isa = PBXGroup;
			children = (
				091A2F5A1ACAC31A0014D07C /* Animations */,
				091A2F651ACAC31A0014D07C /* RAMAnimatedTabBarController.swift */,
				091A2F661ACAC31A0014D07C /* RAMItemAnimationProtocol.swift */,
			);
			path = RAMAnimatedTabBarController;
			sourceTree = "<group>";
		};
		091A2F5A1ACAC31A0014D07C /* Animations */ = {
			isa = PBXGroup;
			children = (
				091A2F5B1ACAC31A0014D07C /* BounceAnimation */,
				091A2F5D1ACAC31A0014D07C /* FrameAnimation */,
				091A2F5F1ACAC31A0014D07C /* FumeAnimation */,
				091A2F611ACAC31A0014D07C /* RotationAnimation */,
				091A2F631ACAC31A0014D07C /* TransitionAniamtions */,
			);
			path = Animations;
			sourceTree = "<group>";
		};
		091A2F5B1ACAC31A0014D07C /* BounceAnimation */ = {
			isa = PBXGroup;
			children = (
				091A2F5C1ACAC31A0014D07C /* RAMBounceAnimation.swift */,
			);
			path = BounceAnimation;
			sourceTree = "<group>";
		};
		091A2F5D1ACAC31A0014D07C /* FrameAnimation */ = {
			isa = PBXGroup;
			children = (
				091A2F5E1ACAC31A0014D07C /* RAMFrameItemAnimation.swift */,
			);
			path = FrameAnimation;
			sourceTree = "<group>";
		};
		091A2F5F1ACAC31A0014D07C /* FumeAnimation */ = {
			isa = PBXGroup;
			children = (
				091A2F601ACAC31A0014D07C /* RAMFumeAnimation.swift */,
			);
			path = FumeAnimation;
			sourceTree = "<group>";
		};
		091A2F611ACAC31A0014D07C /* RotationAnimation */ = {
			isa = PBXGroup;
			children = (
				091A2F621ACAC31A0014D07C /* RAMRotationAnimation.swift */,
			);
			path = RotationAnimation;
			sourceTree = "<group>";
		};
		091A2F631ACAC31A0014D07C /* TransitionAniamtions */ = {
			isa = PBXGroup;
			children = (
				091A2F641ACAC31A0014D07C /* RAMTransitionItemAnimation.swift */,
			);
			path = TransitionAniamtions;
			sourceTree = "<group>";
		};
		092582E71AC94A940026AECA = {
			isa = PBXGroup;
			children = (
				092582F21AC94A940026AECA /* Storyboard */,
				0925830B1AC94A940026AECA /* StoryboardTests */,
				092582F11AC94A940026AECA /* Products */,
			);
			sourceTree = "<group>";
		};
		092582F11AC94A940026AECA /* Products */ = {
			isa = PBXGroup;
			children = (
				092582F01AC94A940026AECA /* Storyboard.app */,
				092583081AC94A940026AECA /* StoryboardTests.xctest */,
			);
			name = Products;
			sourceTree = "<group>";
		};
		092582F21AC94A940026AECA /* Storyboard */ = {
			isa = PBXGroup;
			children = (
				0925831C1AC94D170026AECA /* Main */,
				091A2F501ACA8E930014D07C /* Venders */,
				092583201AC94D260026AECA /* ViewControllers */,
				09F88C791AD61A120096DAA2 /* Views */,
				0925831E1AC94D170026AECA /* Services */,
				092583231AC9522B0026AECA /* Resources */,
				092582FC1AC94A940026AECA /* Main.storyboard */,
				092582FF1AC94A940026AECA /* Images.xcassets */,
				092583011AC94A940026AECA /* LaunchScreen.xib */,
				092582F71AC94A940026AECA /* Storyboard.xcdatamodeld */,
				092582F31AC94A940026AECA /* Supporting Files */,
			);
			path = Storyboard;
			sourceTree = "<group>";
		};
		092582F31AC94A940026AECA /* Supporting Files */ = {
			isa = PBXGroup;
			children = (
				092582F41AC94A940026AECA /* Info.plist */,
			);
			name = "Supporting Files";
			sourceTree = "<group>";
		};
		0925830B1AC94A940026AECA /* StoryboardTests */ = {
			isa = PBXGroup;
			children = (
				0925830E1AC94A940026AECA /* StoryboardTests.swift */,
				0925830C1AC94A940026AECA /* Supporting Files */,
			);
			path = StoryboardTests;
			sourceTree = "<group>";
		};
		0925830C1AC94A940026AECA /* Supporting Files */ = {
			isa = PBXGroup;
			children = (
				0925830D1AC94A940026AECA /* Info.plist */,
			);
			name = "Supporting Files";
			sourceTree = "<group>";
		};
		0925831C1AC94D170026AECA /* Main */ = {
			isa = PBXGroup;
			children = (
				0925831D1AC94D170026AECA /* AppDelegate.swift */,
				097C46B01AD4D85700AB77B2 /* SwfitOCBridge.h */,
			);
			path = Main;
			sourceTree = "<group>";
		};
		0925831E1AC94D170026AECA /* Services */ = {
			isa = PBXGroup;
			children = (
			);
			path = Services;
			sourceTree = "<group>";
		};
		092583201AC94D260026AECA /* ViewControllers */ = {
			isa = PBXGroup;
			children = (
				097C46941AD4BE2100AB77B2 /* Media */,
				090813531AC96BFD006C19FA /* Story */,
				0925832F1AC952B80026AECA /* Home */,
				06092BE01ACADCCC00FF320C /* Gallery */,
				092583211AC94D260026AECA /* ViewController.swift */,
			);
			path = ViewControllers;
			sourceTree = "<group>";
		};
		092583231AC9522B0026AECA /* Resources */ = {
			isa = PBXGroup;
			children = (
				097C46971AD4CF9A00AB77B2 /* Videos */,
				092583241AC9522B0026AECA /* Images */,
			);
			path = Resources;
			sourceTree = "<group>";
		};
		092583241AC9522B0026AECA /* Images */ = {
			isa = PBXGroup;
			children = (
				09C115641ACA5D6B002E40FF /* pl_wuhan.jpg */,
				092583251AC9522B0026AECA /* pl1.jpg */,
				092583261AC9522B0026AECA /* pl2.jpg */,
				0908134F1AC96540006C19FA /* pl3.jpg */,
				090813501AC96540006C19FA /* pl4.jpg */,
				092583291AC9522B0026AECA /* pl5.jpg */,
			);
			path = Images;
			sourceTree = "<group>";
		};
		0925832F1AC952B80026AECA /* Home */ = {
			isa = PBXGroup;
			children = (
				092583301AC952C60026AECA /* HomeViewController.swift */,
			);
			path = Home;
			sourceTree = "<group>";
		};
		097C46941AD4BE2100AB77B2 /* Media */ = {
			isa = PBXGroup;
			children = (
				097C46951AD4BE4C00AB77B2 /* VideoViewController.swift */,
				09F88C751AD611A50096DAA2 /* SmallVideoCaptureViewController.swift */,
				09F88C761AD611A50096DAA2 /* SmallVideoCaptureViewController.xib */,
			);
			path = Media;
			sourceTree = "<group>";
		};
		097C46971AD4CF9A00AB77B2 /* Videos */ = {
			isa = PBXGroup;
			children = (
				097C46981AD4CF9A00AB77B2 /* 10411608041575417ed67610.jpg */,
				097C46991AD4CF9A00AB77B2 /* 10411608041575417ed67610.mp4 */,
				097C469A1AD4CF9A00AB77B2 /* 10465908041575417ed94771.jpg */,
				097C469B1AD4CF9A00AB77B2 /* 10465908041575417ed94771.mp4 */,
			);
			path = Videos;
			sourceTree = "<group>";
		};
		097C46A01AD4D7E500AB77B2 /* PureLayout */ = {
			isa = PBXGroup;
			children = (
				097C46A11AD4D7E500AB77B2 /* ALView+PureLayout.h */,
				097C46A21AD4D7E500AB77B2 /* ALView+PureLayout.m */,
				097C46A31AD4D7E500AB77B2 /* NSArray+PureLayout.h */,
				097C46A41AD4D7E500AB77B2 /* NSArray+PureLayout.m */,
				097C46A51AD4D7E500AB77B2 /* NSLayoutConstraint+PureLayout.h */,
				097C46A61AD4D7E500AB77B2 /* NSLayoutConstraint+PureLayout.m */,
				097C46A71AD4D7E500AB77B2 /* PureLayout+Internal.h */,
				097C46A81AD4D7E500AB77B2 /* PureLayout.h */,
				097C46A91AD4D7E500AB77B2 /* PureLayoutDefines.h */,
			);
			path = PureLayout;
			sourceTree = "<group>";
		};
		09F88C791AD61A120096DAA2 /* Views */ = {
			isa = PBXGroup;
			children = (
				09F88C7A1AD61A2D0096DAA2 /* Controls */,
			);
			path = Views;
			sourceTree = "<group>";
		};
		09F88C7A1AD61A2D0096DAA2 /* Controls */ = {
			isa = PBXGroup;
			children = (
				09F88C7B1AD61A510096DAA2 /* TQTwoSideProgressBar.swift */,
			);
			path = Controls;
			sourceTree = "<group>";
		};
/* End PBXGroup section */

/* Begin PBXNativeTarget section */
		092582EF1AC94A940026AECA /* Storyboard */ = {
			isa = PBXNativeTarget;
			buildConfigurationList = 092583121AC94A940026AECA /* Build configuration list for PBXNativeTarget "Storyboard" */;
			buildPhases = (
				092582EC1AC94A940026AECA /* Sources */,
				092582ED1AC94A940026AECA /* Frameworks */,
				092582EE1AC94A940026AECA /* Resources */,
			);
			buildRules = (
			);
			dependencies = (
			);
			name = Storyboard;
			productName = Storyboard;
			productReference = 092582F01AC94A940026AECA /* Storyboard.app */;
			productType = "com.apple.product-type.application";
		};
		092583071AC94A940026AECA /* StoryboardTests */ = {
			isa = PBXNativeTarget;
			buildConfigurationList = 092583151AC94A940026AECA /* Build configuration list for PBXNativeTarget "StoryboardTests" */;
			buildPhases = (
				092583041AC94A940026AECA /* Sources */,
				092583051AC94A940026AECA /* Frameworks */,
				092583061AC94A940026AECA /* Resources */,
			);
			buildRules = (
			);
			dependencies = (
				0925830A1AC94A940026AECA /* PBXTargetDependency */,
			);
			name = StoryboardTests;
			productName = StoryboardTests;
			productReference = 092583081AC94A940026AECA /* StoryboardTests.xctest */;
			productType = "com.apple.product-type.bundle.unit-test";
		};
/* End PBXNativeTarget section */

/* Begin PBXProject section */
		092582E81AC94A940026AECA /* Project object */ = {
			isa = PBXProject;
			attributes = {
				LastUpgradeCheck = 0620;
				ORGANIZATIONNAME = HLY;
				TargetAttributes = {
					092582EF1AC94A940026AECA = {
						CreatedOnToolsVersion = 6.2;
					};
					092583071AC94A940026AECA = {
						CreatedOnToolsVersion = 6.2;
						TestTargetID = 092582EF1AC94A940026AECA;
					};
				};
			};
			buildConfigurationList = 092582EB1AC94A940026AECA /* Build configuration list for PBXProject "Storyboard" */;
			compatibilityVersion = "Xcode 3.2";
			developmentRegion = English;
			hasScannedForEncodings = 0;
			knownRegions = (
				en,
				Base,
			);
			mainGroup = 092582E71AC94A940026AECA;
			productRefGroup = 092582F11AC94A940026AECA /* Products */;
			projectDirPath = "";
			projectRoot = "";
			targets = (
				092582EF1AC94A940026AECA /* Storyboard */,
				092583071AC94A940026AECA /* StoryboardTests */,
			);
		};
/* End PBXProject section */

/* Begin PBXResourcesBuildPhase section */
		092582EE1AC94A940026AECA /* Resources */ = {
			isa = PBXResourcesBuildPhase;
			buildActionMask = 2147483647;
			files = (
				090813521AC96540006C19FA /* pl4.jpg in Resources */,
				09C115651ACA5D6B002E40FF /* pl_wuhan.jpg in Resources */,
				092582FE1AC94A940026AECA /* Main.storyboard in Resources */,
				097C469C1AD4CF9A00AB77B2 /* 10411608041575417ed67610.jpg in Resources */,
				092583031AC94A940026AECA /* LaunchScreen.xib in Resources */,
				0925832B1AC9522B0026AECA /* pl2.jpg in Resources */,
				06092BE41ACADD0100FF320C /* GalleryViewController.xib in Resources */,
				097C469E1AD4CF9A00AB77B2 /* 10465908041575417ed94771.jpg in Resources */,
				090813511AC96540006C19FA /* pl3.jpg in Resources */,
				09F88C781AD611A50096DAA2 /* SmallVideoCaptureViewController.xib in Resources */,
				092583001AC94A940026AECA /* Images.xcassets in Resources */,
				0925832A1AC9522B0026AECA /* pl1.jpg in Resources */,
				097C469F1AD4CF9A00AB77B2 /* 10465908041575417ed94771.mp4 in Resources */,
				0925832E1AC9522B0026AECA /* pl5.jpg in Resources */,
				097C469D1AD4CF9A00AB77B2 /* 10411608041575417ed67610.mp4 in Resources */,
			);
			runOnlyForDeploymentPostprocessing = 0;
		};
		092583061AC94A940026AECA /* Resources */ = {
			isa = PBXResourcesBuildPhase;
			buildActionMask = 2147483647;
			files = (
			);
			runOnlyForDeploymentPostprocessing = 0;
		};
/* End PBXResourcesBuildPhase section */

/* Begin PBXSourcesBuildPhase section */
		092582EC1AC94A940026AECA /* Sources */ = {
			isa = PBXSourcesBuildPhase;
			buildActionMask = 2147483647;
			files = (
				091A2F671ACAC31A0014D07C /* RAMBounceAnimation.swift in Sources */,
				09F88C771AD611A50096DAA2 /* SmallVideoCaptureViewController.swift in Sources */,
				091A2F541ACA8E930014D07C /* PRSlideView.swift in Sources */,
				097C46961AD4BE4C00AB77B2 /* VideoViewController.swift in Sources */,
				090813551AC96C07006C19FA /* StoryViewController.swift in Sources */,
				097C46AB1AD4D7E500AB77B2 /* NSArray+PureLayout.m in Sources */,
				092583221AC94D260026AECA /* ViewController.swift in Sources */,
				0925831F1AC94D170026AECA /* AppDelegate.swift in Sources */,
				06092BE31ACADD0100FF320C /* GalleryViewController.swift in Sources */,
				06092BE61ACAFD1300FF320C /* GalleryPage.swift in Sources */,
				091A2F6C1ACAC31A0014D07C /* RAMAnimatedTabBarController.swift in Sources */,
				091A2F6A1ACAC31A0014D07C /* RAMRotationAnimation.swift in Sources */,
				091A2F581ACA9F610014D07C /* TQViewTransition.swift in Sources */,
				091A2F6B1ACAC31A0014D07C /* RAMTransitionItemAnimation.swift in Sources */,
				092582F91AC94A940026AECA /* Storyboard.xcdatamodeld in Sources */,
				097C46AC1AD4D7E500AB77B2 /* NSLayoutConstraint+PureLayout.m in Sources */,
				092583311AC952C60026AECA /* HomeViewController.swift in Sources */,
				09F88C7C1AD61A510096DAA2 /* TQTwoSideProgressBar.swift in Sources */,
				091A2F681ACAC31A0014D07C /* RAMFrameItemAnimation.swift in Sources */,
				091A2F691ACAC31A0014D07C /* RAMFumeAnimation.swift in Sources */,
				097C46AA1AD4D7E500AB77B2 /* ALView+PureLayout.m in Sources */,
				091A2F551ACA8E930014D07C /* PRSlideViewPage.swift in Sources */,
				091A2F6D1ACAC31A0014D07C /* RAMItemAnimationProtocol.swift in Sources */,
			);
			runOnlyForDeploymentPostprocessing = 0;
		};
		092583041AC94A940026AECA /* Sources */ = {
			isa = PBXSourcesBuildPhase;
			buildActionMask = 2147483647;
			files = (
				0925830F1AC94A940026AECA /* StoryboardTests.swift in Sources */,
			);
			runOnlyForDeploymentPostprocessing = 0;
		};
/* End PBXSourcesBuildPhase section */

/* Begin PBXTargetDependency section */
		0925830A1AC94A940026AECA /* PBXTargetDependency */ = {
			isa = PBXTargetDependency;
			target = 092582EF1AC94A940026AECA /* Storyboard */;
			targetProxy = 092583091AC94A940026AECA /* PBXContainerItemProxy */;
		};
/* End PBXTargetDependency section */

/* Begin PBXVariantGroup section */
		092582FC1AC94A940026AECA /* Main.storyboard */ = {
			isa = PBXVariantGroup;
			children = (
				092582FD1AC94A940026AECA /* Base */,
			);
			name = Main.storyboard;
			sourceTree = "<group>";
		};
		092583011AC94A940026AECA /* LaunchScreen.xib */ = {
			isa = PBXVariantGroup;
			children = (
				092583021AC94A940026AECA /* Base */,
			);
			name = LaunchScreen.xib;
			sourceTree = "<group>";
		};
/* End PBXVariantGroup section */

/* Begin XCBuildConfiguration section */
		092583101AC94A940026AECA /* Debug */ = {
			isa = XCBuildConfiguration;
			buildSettings = {
				ALWAYS_SEARCH_USER_PATHS = NO;
				CLANG_CXX_LANGUAGE_STANDARD = "gnu++0x";
				CLANG_CXX_LIBRARY = "libc++";
				CLANG_ENABLE_MODULES = YES;
				CLANG_ENABLE_OBJC_ARC = YES;
				CLANG_WARN_BOOL_CONVERSION = YES;
				CLANG_WARN_CONSTANT_CONVERSION = YES;
				CLANG_WARN_DIRECT_OBJC_ISA_USAGE = YES_ERROR;
				CLANG_WARN_EMPTY_BODY = YES;
				CLANG_WARN_ENUM_CONVERSION = YES;
				CLANG_WARN_INT_CONVERSION = YES;
				CLANG_WARN_OBJC_ROOT_CLASS = YES_ERROR;
				CLANG_WARN_UNREACHABLE_CODE = YES;
				CLANG_WARN__DUPLICATE_METHOD_MATCH = YES;
				"CODE_SIGN_IDENTITY[sdk=iphoneos*]" = "iPhone Developer";
				COPY_PHASE_STRIP = NO;
				ENABLE_STRICT_OBJC_MSGSEND = YES;
				GCC_C_LANGUAGE_STANDARD = gnu99;
				GCC_DYNAMIC_NO_PIC = NO;
				GCC_OPTIMIZATION_LEVEL = 0;
				GCC_PREPROCESSOR_DEFINITIONS = (
					"DEBUG=1",
					"$(inherited)",
				);
				GCC_SYMBOLS_PRIVATE_EXTERN = NO;
				GCC_WARN_64_TO_32_BIT_CONVERSION = YES;
				GCC_WARN_ABOUT_RETURN_TYPE = YES_ERROR;
				GCC_WARN_UNDECLARED_SELECTOR = YES;
				GCC_WARN_UNINITIALIZED_AUTOS = YES_AGGRESSIVE;
				GCC_WARN_UNUSED_FUNCTION = YES;
				GCC_WARN_UNUSED_VARIABLE = YES;
				IPHONEOS_DEPLOYMENT_TARGET = 8.2;
				MTL_ENABLE_DEBUG_INFO = YES;
				ONLY_ACTIVE_ARCH = YES;
				SDKROOT = iphoneos;
				SWIFT_OPTIMIZATION_LEVEL = "-Onone";
				TARGETED_DEVICE_FAMILY = "1,2";
			};
			name = Debug;
		};
		092583111AC94A940026AECA /* Release */ = {
			isa = XCBuildConfiguration;
			buildSettings = {
				ALWAYS_SEARCH_USER_PATHS = NO;
				CLANG_CXX_LANGUAGE_STANDARD = "gnu++0x";
				CLANG_CXX_LIBRARY = "libc++";
				CLANG_ENABLE_MODULES = YES;
				CLANG_ENABLE_OBJC_ARC = YES;
				CLANG_WARN_BOOL_CONVERSION = YES;
				CLANG_WARN_CONSTANT_CONVERSION = YES;
				CLANG_WARN_DIRECT_OBJC_ISA_USAGE = YES_ERROR;
				CLANG_WARN_EMPTY_BODY = YES;
				CLANG_WARN_ENUM_CONVERSION = YES;
				CLANG_WARN_INT_CONVERSION = YES;
				CLANG_WARN_OBJC_ROOT_CLASS = YES_ERROR;
				CLANG_WARN_UNREACHABLE_CODE = YES;
				CLANG_WARN__DUPLICATE_METHOD_MATCH = YES;
				"CODE_SIGN_IDENTITY[sdk=iphoneos*]" = "iPhone Developer";
				COPY_PHASE_STRIP = NO;
				ENABLE_NS_ASSERTIONS = NO;
				ENABLE_STRICT_OBJC_MSGSEND = YES;
				GCC_C_LANGUAGE_STANDARD = gnu99;
				GCC_WARN_64_TO_32_BIT_CONVERSION = YES;
				GCC_WARN_ABOUT_RETURN_TYPE = YES_ERROR;
				GCC_WARN_UNDECLARED_SELECTOR = YES;
				GCC_WARN_UNINITIALIZED_AUTOS = YES_AGGRESSIVE;
				GCC_WARN_UNUSED_FUNCTION = YES;
				GCC_WARN_UNUSED_VARIABLE = YES;
				IPHONEOS_DEPLOYMENT_TARGET = 8.2;
				MTL_ENABLE_DEBUG_INFO = NO;
				SDKROOT = iphoneos;
				TARGETED_DEVICE_FAMILY = "1,2";
				VALIDATE_PRODUCT = YES;
			};
			name = Release;
		};
		092583131AC94A940026AECA /* Debug */ = {
			isa = XCBuildConfiguration;
			buildSettings = {
				ASSETCATALOG_COMPILER_APPICON_NAME = AppIcon;
				INFOPLIST_FILE = Storyboard/Info.plist;
				IPHONEOS_DEPLOYMENT_TARGET = 7.0;
				LD_RUNPATH_SEARCH_PATHS = "$(inherited) @executable_path/Frameworks";
				PRODUCT_NAME = "$(TARGET_NAME)";
				SWIFT_OBJC_BRIDGING_HEADER = Storyboard/Main/SwfitOCBridge.h;
			};
			name = Debug;
		};
		092583141AC94A940026AECA /* Release */ = {
			isa = XCBuildConfiguration;
			buildSettings = {
				ASSETCATALOG_COMPILER_APPICON_NAME = AppIcon;
				INFOPLIST_FILE = Storyboard/Info.plist;
				IPHONEOS_DEPLOYMENT_TARGET = 7.0;
				LD_RUNPATH_SEARCH_PATHS = "$(inherited) @executable_path/Frameworks";
				PRODUCT_NAME = "$(TARGET_NAME)";
				SWIFT_OBJC_BRIDGING_HEADER = Storyboard/Main/SwfitOCBridge.h;
			};
			name = Release;
		};
		092583161AC94A940026AECA /* Debug */ = {
			isa = XCBuildConfiguration;
			buildSettings = {
				BUNDLE_LOADER = "$(TEST_HOST)";
				FRAMEWORK_SEARCH_PATHS = (
					"$(SDKROOT)/Developer/Library/Frameworks",
					"$(inherited)",
				);
				GCC_PREPROCESSOR_DEFINITIONS = (
					"DEBUG=1",
					"$(inherited)",
				);
				INFOPLIST_FILE = StoryboardTests/Info.plist;
				LD_RUNPATH_SEARCH_PATHS = "$(inherited) @executable_path/Frameworks @loader_path/Frameworks";
				PRODUCT_NAME = "$(TARGET_NAME)";
				TEST_HOST = "$(BUILT_PRODUCTS_DIR)/Storyboard.app/Storyboard";
			};
			name = Debug;
		};
		092583171AC94A940026AECA /* Release */ = {
			isa = XCBuildConfiguration;
			buildSettings = {
				BUNDLE_LOADER = "$(TEST_HOST)";
				FRAMEWORK_SEARCH_PATHS = (
					"$(SDKROOT)/Developer/Library/Frameworks",
					"$(inherited)",
				);
				INFOPLIST_FILE = StoryboardTests/Info.plist;
				LD_RUNPATH_SEARCH_PATHS = "$(inherited) @executable_path/Frameworks @loader_path/Frameworks";
				PRODUCT_NAME = "$(TARGET_NAME)";
				TEST_HOST = "$(BUILT_PRODUCTS_DIR)/Storyboard.app/Storyboard";
			};
			name = Release;
		};
/* End XCBuildConfiguration section */

/* Begin XCConfigurationList section */
		092582EB1AC94A940026AECA /* Build configuration list for PBXProject "Storyboard" */ = {
			isa = XCConfigurationList;
			buildConfigurations = (
				092583101AC94A940026AECA /* Debug */,
				092583111AC94A940026AECA /* Release */,
			);
			defaultConfigurationIsVisible = 0;
			defaultConfigurationName = Release;
		};
		092583121AC94A940026AECA /* Build configuration list for PBXNativeTarget "Storyboard" */ = {
			isa = XCConfigurationList;
			buildConfigurations = (
				092583131AC94A940026AECA /* Debug */,
				092583141AC94A940026AECA /* Release */,
			);
			defaultConfigurationIsVisible = 0;
			defaultConfigurationName = Release;
		};
		092583151AC94A940026AECA /* Build configuration list for PBXNativeTarget "StoryboardTests" */ = {
			isa = XCConfigurationList;
			buildConfigurations = (
				092583161AC94A940026AECA /* Debug */,
				092583171AC94A940026AECA /* Release */,
			);
			defaultConfigurationIsVisible = 0;
			defaultConfigurationName = Release;
		};
/* End XCConfigurationList section */

/* Begin XCVersionGroup section */
		092582F71AC94A940026AECA /* Storyboard.xcdatamodeld */ = {
			isa = XCVersionGroup;
			children = (
				092582F81AC94A940026AECA /* Storyboard.xcdatamodel */,
			);
			currentVersion = 092582F81AC94A940026AECA /* Storyboard.xcdatamodel */;
			path = Storyboard.xcdatamodeld;
			sourceTree = "<group>";
			versionGroupType = wrapper.xcdatamodel;
		};
/* End XCVersionGroup section */
	};
	rootObject = 092582E81AC94A940026AECA /* Project object */;
}
